// !$*UTF8*$!
{
	archiveVersion = 1;
	classes = {
	};
	objectVersion = 55;
	objects = {

/* Begin PBXBuildFile section */
		D6007183383E3DC002792CB6 /* Pods_SoulBar.framework in Frameworks */ = {isa = PBXBuildFile; fileRef = BCB3F3D6B45D0F8942D88A7E /* Pods_SoulBar.framework */; };
		D8088B1529096C0C0037555B /* HomeViewController.swift in Sources */ = {isa = PBXBuildFile; fileRef = D8088B1429096C0C0037555B /* HomeViewController.swift */; };
		D8088B1729096C200037555B /* EventsViewController.swift in Sources */ = {isa = PBXBuildFile; fileRef = D8088B1629096C200037555B /* EventsViewController.swift */; };
		D8088B1929096C2E0037555B /* RecognizeViewController.swift in Sources */ = {isa = PBXBuildFile; fileRef = D8088B1829096C2E0037555B /* RecognizeViewController.swift */; };
		D8088B1B29096C400037555B /* FavoriteViewController.swift in Sources */ = {isa = PBXBuildFile; fileRef = D8088B1A29096C400037555B /* FavoriteViewController.swift */; };
		D8088B1D29096C4D0037555B /* ProfileViewController.swift in Sources */ = {isa = PBXBuildFile; fileRef = D8088B1C29096C4D0037555B /* ProfileViewController.swift */; };
		D8088B2029096D850037555B /* EventsManager.swift in Sources */ = {isa = PBXBuildFile; fileRef = D8088B1F29096D850037555B /* EventsManager.swift */; };
		D8088B2329096F1E0037555B /* EventsData.swift in Sources */ = {isa = PBXBuildFile; fileRef = D8088B2229096F1E0037555B /* EventsData.swift */; };
		D8088B2529096F400037555B /* SongsCharts.swift in Sources */ = {isa = PBXBuildFile; fileRef = D8088B2429096F400037555B /* SongsCharts.swift */; };
		D8088B2729096F550037555B /* AlbumsCharts.swift in Sources */ = {isa = PBXBuildFile; fileRef = D8088B2629096F550037555B /* AlbumsCharts.swift */; };
		D8088B2929096F610037555B /* PlaylistsCharts.swift in Sources */ = {isa = PBXBuildFile; fileRef = D8088B2829096F610037555B /* PlaylistsCharts.swift */; };
		D8088B2D29096F8D0037555B /* SongsSearch.swift in Sources */ = {isa = PBXBuildFile; fileRef = D8088B2C29096F8D0037555B /* SongsSearch.swift */; };
		D8088B2F29096F9E0037555B /* AlbumsSearch.swift in Sources */ = {isa = PBXBuildFile; fileRef = D8088B2E29096F9E0037555B /* AlbumsSearch.swift */; };
		D8088B3129096FAF0037555B /* PlaylistsSearch.swift in Sources */ = {isa = PBXBuildFile; fileRef = D8088B3029096FAF0037555B /* PlaylistsSearch.swift */; };
		D8088B342909700B0037555B /* MusicManager.swift in Sources */ = {isa = PBXBuildFile; fileRef = D8088B332909700B0037555B /* MusicManager.swift */; };
		D8088B39290A28E00037555B /* HomeTableViewCell.swift in Sources */ = {isa = PBXBuildFile; fileRef = D8088B38290A28E00037555B /* HomeTableViewCell.swift */; };
		D8088B3B290A2A290037555B /* SongsCollectionViewCell.swift in Sources */ = {isa = PBXBuildFile; fileRef = D8088B3A290A2A290037555B /* SongsCollectionViewCell.swift */; };
		D8088B3E290AB2EF0037555B /* AlbumsTableViewCell.swift in Sources */ = {isa = PBXBuildFile; fileRef = D8088B3C290AB2EF0037555B /* AlbumsTableViewCell.swift */; };
		D8088B3F290AB2EF0037555B /* AlbumsTableViewCell.xib in Resources */ = {isa = PBXBuildFile; fileRef = D8088B3D290AB2EF0037555B /* AlbumsTableViewCell.xib */; };
		D8088B44290AC1840037555B /* AlbumsCollectionViewCell.swift in Sources */ = {isa = PBXBuildFile; fileRef = D8088B42290AC1840037555B /* AlbumsCollectionViewCell.swift */; };
		D8088B45290AC1840037555B /* AlbumsCollectionViewCell.xib in Resources */ = {isa = PBXBuildFile; fileRef = D8088B43290AC1840037555B /* AlbumsCollectionViewCell.xib */; };
		D820B9212914C4AF000C8F88 /* ChatViewController.swift in Sources */ = {isa = PBXBuildFile; fileRef = D820B9202914C4AF000C8F88 /* ChatViewController.swift */; };
		D820B9252914C552000C8F88 /* ChatMessageStrangerTableViewCell.swift in Sources */ = {isa = PBXBuildFile; fileRef = D820B9232914C552000C8F88 /* ChatMessageStrangerTableViewCell.swift */; };
		D820B9262914C552000C8F88 /* ChatMessageStrangerTableViewCell.xib in Resources */ = {isa = PBXBuildFile; fileRef = D820B9242914C552000C8F88 /* ChatMessageStrangerTableViewCell.xib */; };
		D820B92A291549EF000C8F88 /* ChatMessageOwnerTableViewCell.swift in Sources */ = {isa = PBXBuildFile; fileRef = D820B928291549EF000C8F88 /* ChatMessageOwnerTableViewCell.swift */; };
		D820B92B291549EF000C8F88 /* ChatMessageOwnerTableViewCell.xib in Resources */ = {isa = PBXBuildFile; fileRef = D820B929291549EF000C8F88 /* ChatMessageOwnerTableViewCell.xib */; };
		D820B92C2915720B000C8F88 /* Assets.xcassets in Resources */ = {isa = PBXBuildFile; fileRef = D85EDBA5290966C3001583F6 /* Assets.xcassets */; };
		D82369AC290BDA2100AE41AB /* SearchDetailsViewController.swift in Sources */ = {isa = PBXBuildFile; fileRef = D82369AB290BDA2000AE41AB /* SearchDetailsViewController.swift */; };
		D834AF52293840EC00994693 /* ACRCloudSDK.xcframework in Frameworks */ = {isa = PBXBuildFile; fileRef = D834AF50293840DF00994693 /* ACRCloudSDK.xcframework */; };
		D834AF592938428E00994693 /* HummingViewController.swift in Sources */ = {isa = PBXBuildFile; fileRef = D834AF562938416C00994693 /* HummingViewController.swift */; };
		D834AF5D2938486300994693 /* ACRCloud-Bridging-Header.h in Sources */ = {isa = PBXBuildFile; fileRef = D834AF552938414700994693 /* ACRCloud-Bridging-Header.h */; };
		D834AF5F2938515700994693 /* HummingTableViewCell.swift in Sources */ = {isa = PBXBuildFile; fileRef = D834AF5E2938515700994693 /* HummingTableViewCell.swift */; };
		D834AF612938563100994693 /* HummingData.swift in Sources */ = {isa = PBXBuildFile; fileRef = D834AF602938563100994693 /* HummingData.swift */; };
		D834AF632938989200994693 /* RecognizeFaceResultViewController.swift in Sources */ = {isa = PBXBuildFile; fileRef = D834AF622938989200994693 /* RecognizeFaceResultViewController.swift */; };
		D834AF662939A78F00994693 /* music.json in Resources */ = {isa = PBXBuildFile; fileRef = D834AF642939A78E00994693 /* music.json */; };
		D834AF672939A78F00994693 /* recording.json in Resources */ = {isa = PBXBuildFile; fileRef = D834AF652939A78E00994693 /* recording.json */; };
		D834AF692939D32600994693 /* HummingDetailViewController.swift in Sources */ = {isa = PBXBuildFile; fileRef = D834AF682939D32600994693 /* HummingDetailViewController.swift */; };
		D837B364291D6532008BE6D0 /* RecognizeErrorViewController.swift in Sources */ = {isa = PBXBuildFile; fileRef = D837B363291D6532008BE6D0 /* RecognizeErrorViewController.swift */; };
		D837B36B291DF7C2008BE6D0 /* processing.json in Resources */ = {isa = PBXBuildFile; fileRef = D837B36A291DF7C2008BE6D0 /* processing.json */; };
		D837B36E291DF94D008BE6D0 /* UIView+Ext.swift in Sources */ = {isa = PBXBuildFile; fileRef = D837B36D291DF94D008BE6D0 /* UIView+Ext.swift */; };
		D8573372290E561B0009D734 /* SearchArtistsResultTableViewCell.swift in Sources */ = {isa = PBXBuildFile; fileRef = D8573370290E561B0009D734 /* SearchArtistsResultTableViewCell.swift */; };
		D8573373290E561B0009D734 /* SearchArtistsResultTableViewCell.xib in Resources */ = {isa = PBXBuildFile; fileRef = D8573371290E561B0009D734 /* SearchArtistsResultTableViewCell.xib */; };
		D8573376290E9C640009D734 /* SearchSongsResultTableViewCell.swift in Sources */ = {isa = PBXBuildFile; fileRef = D8573374290E9C640009D734 /* SearchSongsResultTableViewCell.swift */; };
		D8573377290E9C640009D734 /* SearchSongsResultTableViewCell.xib in Resources */ = {isa = PBXBuildFile; fileRef = D8573375290E9C640009D734 /* SearchSongsResultTableViewCell.xib */; };
		D857337C290EA4CC0009D734 /* SearchAlbumsResultTableViewCell.swift in Sources */ = {isa = PBXBuildFile; fileRef = D857337A290EA4CC0009D734 /* SearchAlbumsResultTableViewCell.swift */; };
		D857337D290EA4CC0009D734 /* SearchAlbumsResultTableViewCell.xib in Resources */ = {isa = PBXBuildFile; fileRef = D857337B290EA4CC0009D734 /* SearchAlbumsResultTableViewCell.xib */; };
		D8573381290EA9150009D734 /* SearchAllResultTableViewCell.swift in Sources */ = {isa = PBXBuildFile; fileRef = D857337F290EA9150009D734 /* SearchAllResultTableViewCell.swift */; };
		D8573382290EA9150009D734 /* SearchAllResultTableViewCell.xib in Resources */ = {isa = PBXBuildFile; fileRef = D8573380290EA9150009D734 /* SearchAllResultTableViewCell.xib */; };
		D8573386290FBCA20009D734 /* PlaySongViewController.swift in Sources */ = {isa = PBXBuildFile; fileRef = D8573385290FBCA20009D734 /* PlaySongViewController.swift */; };
		D85EDB9D290966C1001583F6 /* AppDelegate.swift in Sources */ = {isa = PBXBuildFile; fileRef = D85EDB9C290966C1001583F6 /* AppDelegate.swift */; };
		D85EDB9F290966C1001583F6 /* SceneDelegate.swift in Sources */ = {isa = PBXBuildFile; fileRef = D85EDB9E290966C1001583F6 /* SceneDelegate.swift */; };
		D85EDBA4290966C1001583F6 /* Main.storyboard in Resources */ = {isa = PBXBuildFile; fileRef = D85EDBA2290966C1001583F6 /* Main.storyboard */; };
		D85EDBA9290966C3001583F6 /* LaunchScreen.storyboard in Resources */ = {isa = PBXBuildFile; fileRef = D85EDBA7290966C3001583F6 /* LaunchScreen.storyboard */; };
		D8686DD52930B8A5004F2EBE /* UIImage+Ext.swift in Sources */ = {isa = PBXBuildFile; fileRef = D8686DD42930B8A5004F2EBE /* UIImage+Ext.swift */; };
		D8686DD72930B8C8004F2EBE /* UIAlert+Ext.swift in Sources */ = {isa = PBXBuildFile; fileRef = D8686DD62930B8C8004F2EBE /* UIAlert+Ext.swift */; };
		D869EEA5292E010B006BB828 /* SwiftJWT in Frameworks */ = {isa = PBXBuildFile; productRef = D869EEA4292E010B006BB828 /* SwiftJWT */; };
		D869EEA7292E021E006BB828 /* AuthData.swift in Sources */ = {isa = PBXBuildFile; fileRef = D869EEA6292E021E006BB828 /* AuthData.swift */; };
		D869EEAA292E0314006BB828 /* AuthManager.swift in Sources */ = {isa = PBXBuildFile; fileRef = D869EEA9292E0314006BB828 /* AuthManager.swift */; };
		D86AD11429135F9F000208B6 /* EventsFavoriteCollectionViewCell.swift in Sources */ = {isa = PBXBuildFile; fileRef = D86AD11229135F9F000208B6 /* EventsFavoriteCollectionViewCell.swift */; };
		D86AD11929138E8A000208B6 /* EventsFavoriteCardsDetailsViewController.swift in Sources */ = {isa = PBXBuildFile; fileRef = D86AD11829138E8A000208B6 /* EventsFavoriteCardsDetailsViewController.swift */; };
		D86AD11F2913F4D8000208B6 /* FavoriteMusicTableViewCell.swift in Sources */ = {isa = PBXBuildFile; fileRef = D86AD11D2913F4D8000208B6 /* FavoriteMusicTableViewCell.swift */; };
		D86AD1202913F4D8000208B6 /* FavoriteMusicTableViewCell.xib in Resources */ = {isa = PBXBuildFile; fileRef = D86AD11E2913F4D8000208B6 /* FavoriteMusicTableViewCell.xib */; };
		D86AD12329141124000208B6 /* FavoriteAlbumsTableViewCell.swift in Sources */ = {isa = PBXBuildFile; fileRef = D86AD12129141124000208B6 /* FavoriteAlbumsTableViewCell.swift */; };
		D86AD12429141124000208B6 /* FavoriteAlbumsTableViewCell.xib in Resources */ = {isa = PBXBuildFile; fileRef = D86AD12229141124000208B6 /* FavoriteAlbumsTableViewCell.xib */; };
		D86AD12729141139000208B6 /* FavoritePlaylistsTableViewCell.swift in Sources */ = {isa = PBXBuildFile; fileRef = D86AD12529141139000208B6 /* FavoritePlaylistsTableViewCell.swift */; };
		D86AD12829141139000208B6 /* FavoritePlaylistsTableViewCell.xib in Resources */ = {isa = PBXBuildFile; fileRef = D86AD12629141139000208B6 /* FavoritePlaylistsTableViewCell.xib */; };
		D874B98A2917E4EA0082F2D7 /* ProfileTableViewCell.swift in Sources */ = {isa = PBXBuildFile; fileRef = D874B9882917E4EA0082F2D7 /* ProfileTableViewCell.swift */; };
		D874B98B2917E4EA0082F2D7 /* ProfileTableViewCell.xib in Resources */ = {isa = PBXBuildFile; fileRef = D874B9892917E4EA0082F2D7 /* ProfileTableViewCell.xib */; };
		D874B98D2917E6890082F2D7 /* ProfileData.swift in Sources */ = {isa = PBXBuildFile; fileRef = D874B98C2917E6890082F2D7 /* ProfileData.swift */; };
		D874B9902917F52C0082F2D7 /* FavoriteAddNewListViewController.swift in Sources */ = {isa = PBXBuildFile; fileRef = D874B98F2917F52C0082F2D7 /* FavoriteAddNewListViewController.swift */; };
		D874B9952918EB7F0082F2D7 /* FavoriteListsTableViewCell.swift in Sources */ = {isa = PBXBuildFile; fileRef = D874B9932918EB7F0082F2D7 /* FavoriteListsTableViewCell.swift */; };
		D874B9962918EB7F0082F2D7 /* FavoriteListsTableViewCell.xib in Resources */ = {isa = PBXBuildFile; fileRef = D874B9942918EB7F0082F2D7 /* FavoriteListsTableViewCell.xib */; };
		D874B998291900260082F2D7 /* NewListPopUpViewController.swift in Sources */ = {isa = PBXBuildFile; fileRef = D874B997291900260082F2D7 /* NewListPopUpViewController.swift */; };
		D874B99A29190B720082F2D7 /* NewListDisplayViewController.swift in Sources */ = {isa = PBXBuildFile; fileRef = D874B99929190B720082F2D7 /* NewListDisplayViewController.swift */; };
		D874B99C29190E340082F2D7 /* NewListTableViewCell.swift in Sources */ = {isa = PBXBuildFile; fileRef = D874B99B29190E340082F2D7 /* NewListTableViewCell.swift */; };
		D874C8892912465800075AE9 /* FirebaseFavoriteData.swift in Sources */ = {isa = PBXBuildFile; fileRef = D874C8882912465800075AE9 /* FirebaseFavoriteData.swift */; };
		D874C88B2912466300075AE9 /* FirebaseFavoriteManager.swift in Sources */ = {isa = PBXBuildFile; fileRef = D874C88A2912466300075AE9 /* FirebaseFavoriteManager.swift */; };
		D874C88E291247D300075AE9 /* FirebaseHistoryData.swift in Sources */ = {isa = PBXBuildFile; fileRef = D874C88D291247D300075AE9 /* FirebaseHistoryData.swift */; };
		D874C890291247DF00075AE9 /* FirebaseHistoryManager.swift in Sources */ = {isa = PBXBuildFile; fileRef = D874C88F291247DF00075AE9 /* FirebaseHistoryManager.swift */; };
		D874C8932912545600075AE9 /* FirebaseEventsTypeData.swift in Sources */ = {isa = PBXBuildFile; fileRef = D874C8922912545600075AE9 /* FirebaseEventsTypeData.swift */; };
		D874C8952912546100075AE9 /* FirebaseEventsManager.swift in Sources */ = {isa = PBXBuildFile; fileRef = D874C8942912546100075AE9 /* FirebaseEventsManager.swift */; };
		D874C8982912565000075AE9 /* FirebaseUserData.swift in Sources */ = {isa = PBXBuildFile; fileRef = D874C8972912565000075AE9 /* FirebaseUserData.swift */; };
		D874C89A2912566800075AE9 /* FirebaseUserManager.swift in Sources */ = {isa = PBXBuildFile; fileRef = D874C8992912566800075AE9 /* FirebaseUserManager.swift */; };
		D874C89D29125BC600075AE9 /* FirebaseChatroomManager.swift in Sources */ = {isa = PBXBuildFile; fileRef = D874C89C29125BC600075AE9 /* FirebaseChatroomManager.swift */; };
		D874C89F29125BD700075AE9 /* FirebaseChatroomData.swift in Sources */ = {isa = PBXBuildFile; fileRef = D874C89E29125BD700075AE9 /* FirebaseChatroomData.swift */; };
		D874C8A32912835400075AE9 /* Constants.swift in Sources */ = {isa = PBXBuildFile; fileRef = D874C8A22912835400075AE9 /* Constants.swift */; };
		D88071B6291F80BF00554B18 /* FavroiteMusicDetailsViewController.swift in Sources */ = {isa = PBXBuildFile; fileRef = D88071B5291F80BF00554B18 /* FavroiteMusicDetailsViewController.swift */; };
		D88071B9291F818800554B18 /* FavoriteMusicDetailsTableViewCell.swift in Sources */ = {isa = PBXBuildFile; fileRef = D88071B7291F818800554B18 /* FavoriteMusicDetailsTableViewCell.swift */; };
		D88071BA291F818800554B18 /* FavoriteMusicDetailsTableViewCell.xib in Resources */ = {isa = PBXBuildFile; fileRef = D88071B8291F818800554B18 /* FavoriteMusicDetailsTableViewCell.xib */; };
		D88071BD291F9BB800554B18 /* FavoriteMusicDetailsNoHeartTableViewCell.swift in Sources */ = {isa = PBXBuildFile; fileRef = D88071BB291F9BB800554B18 /* FavoriteMusicDetailsNoHeartTableViewCell.swift */; };
		D88071BE291F9BB800554B18 /* FavoriteMusicDetailsNoHeartTableViewCell.xib in Resources */ = {isa = PBXBuildFile; fileRef = D88071BC291F9BB800554B18 /* FavoriteMusicDetailsNoHeartTableViewCell.xib */; };
		D88071C12920C39300554B18 /* FavoriteData.swift in Sources */ = {isa = PBXBuildFile; fileRef = D88071C02920C39300554B18 /* FavoriteData.swift */; };
		D88071C62920EA1400554B18 /* ProfileHistoryViewController.swift in Sources */ = {isa = PBXBuildFile; fileRef = D88071C52920EA1400554B18 /* ProfileHistoryViewController.swift */; };
		D88071C92920EA3300554B18 /* ProfileHistoryTableViewCell.swift in Sources */ = {isa = PBXBuildFile; fileRef = D88071C72920EA3300554B18 /* ProfileHistoryTableViewCell.swift */; };
		D88071CA2920EA3300554B18 /* ProfileHistoryTableViewCell.xib in Resources */ = {isa = PBXBuildFile; fileRef = D88071C82920EA3300554B18 /* ProfileHistoryTableViewCell.xib */; };
		D88071CC2920F4A400554B18 /* DateFormatter+Ext.swift in Sources */ = {isa = PBXBuildFile; fileRef = D88071CB2920F4A400554B18 /* DateFormatter+Ext.swift */; };
		D88071CE2921213400554B18 /* ProfileArtistsViewController.swift in Sources */ = {isa = PBXBuildFile; fileRef = D88071CD2921213400554B18 /* ProfileArtistsViewController.swift */; };
		D88071D0292121A600554B18 /* ProfileArtistsTableViewCell.swift in Sources */ = {isa = PBXBuildFile; fileRef = D88071CF292121A600554B18 /* ProfileArtistsTableViewCell.swift */; };
		D88550AF2910CA710083D050 /* EventsCardsDetailsViewController.swift in Sources */ = {isa = PBXBuildFile; fileRef = D88550AE2910CA710083D050 /* EventsCardsDetailsViewController.swift */; };
		D88550B12910E3570083D050 /* MapManager.swift in Sources */ = {isa = PBXBuildFile; fileRef = D88550B02910E3570083D050 /* MapManager.swift */; };
		D88550B329114E620083D050 /* GoogleService-Info.plist in Resources */ = {isa = PBXBuildFile; fileRef = D88550B229114E620083D050 /* GoogleService-Info.plist */; };
		D8A1B96A290C1B56007F6775 /* ArtistsSearch.swift in Sources */ = {isa = PBXBuildFile; fileRef = D8A1B969290C1B56007F6775 /* ArtistsSearch.swift */; };
		D8A1B96C290C228E007F6775 /* EventsTableViewCell.swift in Sources */ = {isa = PBXBuildFile; fileRef = D8A1B96B290C228E007F6775 /* EventsTableViewCell.swift */; };
		D8A1B970290C3419007F6775 /* PlaylistsTableViewCell.swift in Sources */ = {isa = PBXBuildFile; fileRef = D8A1B96E290C3419007F6775 /* PlaylistsTableViewCell.swift */; };
		D8A1B971290C3419007F6775 /* PlaylistsTableViewCell.xib in Resources */ = {isa = PBXBuildFile; fileRef = D8A1B96F290C3419007F6775 /* PlaylistsTableViewCell.xib */; };
		D8A1B976290C35D3007F6775 /* PlaylistsCollectionViewCell.swift in Sources */ = {isa = PBXBuildFile; fileRef = D8A1B974290C35D3007F6775 /* PlaylistsCollectionViewCell.swift */; };
		D8A1B977290C35D3007F6775 /* PlaylistsCollectionViewCell.xib in Resources */ = {isa = PBXBuildFile; fileRef = D8A1B975290C35D3007F6775 /* PlaylistsCollectionViewCell.xib */; };
		D8A1B97C290C46C6007F6775 /* SongListViewController.swift in Sources */ = {isa = PBXBuildFile; fileRef = D8A1B97B290C46C6007F6775 /* SongListViewController.swift */; };
		D8A1B97E290C475F007F6775 /* SongListTableViewCell.swift in Sources */ = {isa = PBXBuildFile; fileRef = D8A1B97D290C475F007F6775 /* SongListTableViewCell.swift */; };
		D8B528EA29163105004C8D2A /* PlaySongManager.swift in Sources */ = {isa = PBXBuildFile; fileRef = D8B528E929163105004C8D2A /* PlaySongManager.swift */; };
		D8E098A82928D351005971C6 /* RecommendCollectionViewCell.swift in Sources */ = {isa = PBXBuildFile; fileRef = D8E098A62928D351005971C6 /* RecommendCollectionViewCell.swift */; };
		D8E098A92928D351005971C6 /* RecommendCollectionViewCell.xib in Resources */ = {isa = PBXBuildFile; fileRef = D8E098A72928D351005971C6 /* RecommendCollectionViewCell.xib */; };
		D8E098AC292A0150005971C6 /* RecommendTableViewCell.swift in Sources */ = {isa = PBXBuildFile; fileRef = D8E098AA292A0150005971C6 /* RecommendTableViewCell.swift */; };
		D8E098AD292A0150005971C6 /* RecommendTableViewCell.xib in Resources */ = {isa = PBXBuildFile; fileRef = D8E098AB292A0150005971C6 /* RecommendTableViewCell.xib */; };
		D8E098AF292A245B005971C6 /* LaunchScreenViewController.swift in Sources */ = {isa = PBXBuildFile; fileRef = D8E098AE292A245B005971C6 /* LaunchScreenViewController.swift */; };
		D8EA0EF62922728600514F35 /* AppleAuthViewController.swift in Sources */ = {isa = PBXBuildFile; fileRef = D8EA0EF52922728600514F35 /* AppleAuthViewController.swift */; };
		D8EA0EFD29233F5400514F35 /* KeychainManager.swift in Sources */ = {isa = PBXBuildFile; fileRef = D8EA0EFC29233F5400514F35 /* KeychainManager.swift */; };
		D8EA0F072924BA0F00514F35 /* ProfileEventsViewController.swift in Sources */ = {isa = PBXBuildFile; fileRef = D8EA0F062924BA0F00514F35 /* ProfileEventsViewController.swift */; };
		D8EA0F092924BAEB00514F35 /* ProfileEventCollectionViewCell.swift in Sources */ = {isa = PBXBuildFile; fileRef = D8EA0F082924BAEB00514F35 /* ProfileEventCollectionViewCell.swift */; };
		D8EA0F0C29267B2A00514F35 /* YoutubeData.swift in Sources */ = {isa = PBXBuildFile; fileRef = D8EA0F0B29267B2A00514F35 /* YoutubeData.swift */; };
		D8EA0F0E29267B3700514F35 /* YoutubeManager.swift in Sources */ = {isa = PBXBuildFile; fileRef = D8EA0F0D29267B3700514F35 /* YoutubeManager.swift */; };
		D8EA0F11292682A200514F35 /* PlayVideoViewController.swift in Sources */ = {isa = PBXBuildFile; fileRef = D8EA0F10292682A200514F35 /* PlayVideoViewController.swift */; };
		D8F0E29F292EFCC400BCDFAF /* PrivacyViewController.swift in Sources */ = {isa = PBXBuildFile; fileRef = D8F0E29E292EFCC400BCDFAF /* PrivacyViewController.swift */; };
		D8F7387C294077A800E5DEFB /* KingfisherWrapper.swift in Sources */ = {isa = PBXBuildFile; fileRef = D8F7387B294077A800E5DEFB /* KingfisherWrapper.swift */; };
		D8FABE462919F0E30094A77F /* MiniPlayerViewController.swift in Sources */ = {isa = PBXBuildFile; fileRef = D8FABE452919F0E30094A77F /* MiniPlayerViewController.swift */; };
		D8FABE482919F1450094A77F /* RootTabBarViewController.swift in Sources */ = {isa = PBXBuildFile; fileRef = D8FABE472919F1450094A77F /* RootTabBarViewController.swift */; };
/* End PBXBuildFile section */

/* Begin PBXFileReference section */
		BCB3F3D6B45D0F8942D88A7E /* Pods_SoulBar.framework */ = {isa = PBXFileReference; explicitFileType = wrapper.framework; includeInIndex = 0; path = Pods_SoulBar.framework; sourceTree = BUILT_PRODUCTS_DIR; };
		C0E6094484ECAF31F0E016CF /* Pods-SoulBar.release.xcconfig */ = {isa = PBXFileReference; includeInIndex = 1; lastKnownFileType = text.xcconfig; name = "Pods-SoulBar.release.xcconfig"; path = "Target Support Files/Pods-SoulBar/Pods-SoulBar.release.xcconfig"; sourceTree = "<group>"; };
		C4433B255174EF6B0215E299 /* Pods-SoulBar.debug.xcconfig */ = {isa = PBXFileReference; includeInIndex = 1; lastKnownFileType = text.xcconfig; name = "Pods-SoulBar.debug.xcconfig"; path = "Target Support Files/Pods-SoulBar/Pods-SoulBar.debug.xcconfig"; sourceTree = "<group>"; };
		D8088B1429096C0C0037555B /* HomeViewController.swift */ = {isa = PBXFileReference; lastKnownFileType = sourcecode.swift; path = HomeViewController.swift; sourceTree = "<group>"; };
		D8088B1629096C200037555B /* EventsViewController.swift */ = {isa = PBXFileReference; lastKnownFileType = sourcecode.swift; path = EventsViewController.swift; sourceTree = "<group>"; };
		D8088B1829096C2E0037555B /* RecognizeViewController.swift */ = {isa = PBXFileReference; lastKnownFileType = sourcecode.swift; path = RecognizeViewController.swift; sourceTree = "<group>"; };
		D8088B1A29096C400037555B /* FavoriteViewController.swift */ = {isa = PBXFileReference; lastKnownFileType = sourcecode.swift; path = FavoriteViewController.swift; sourceTree = "<group>"; };
		D8088B1C29096C4D0037555B /* ProfileViewController.swift */ = {isa = PBXFileReference; lastKnownFileType = sourcecode.swift; path = ProfileViewController.swift; sourceTree = "<group>"; };
		D8088B1F29096D850037555B /* EventsManager.swift */ = {isa = PBXFileReference; lastKnownFileType = sourcecode.swift; path = EventsManager.swift; sourceTree = "<group>"; };
		D8088B2229096F1E0037555B /* EventsData.swift */ = {isa = PBXFileReference; lastKnownFileType = sourcecode.swift; path = EventsData.swift; sourceTree = "<group>"; };
		D8088B2429096F400037555B /* SongsCharts.swift */ = {isa = PBXFileReference; lastKnownFileType = sourcecode.swift; path = SongsCharts.swift; sourceTree = "<group>"; };
		D8088B2629096F550037555B /* AlbumsCharts.swift */ = {isa = PBXFileReference; lastKnownFileType = sourcecode.swift; path = AlbumsCharts.swift; sourceTree = "<group>"; };
		D8088B2829096F610037555B /* PlaylistsCharts.swift */ = {isa = PBXFileReference; lastKnownFileType = sourcecode.swift; path = PlaylistsCharts.swift; sourceTree = "<group>"; };
		D8088B2C29096F8D0037555B /* SongsSearch.swift */ = {isa = PBXFileReference; lastKnownFileType = sourcecode.swift; path = SongsSearch.swift; sourceTree = "<group>"; };
		D8088B2E29096F9E0037555B /* AlbumsSearch.swift */ = {isa = PBXFileReference; lastKnownFileType = sourcecode.swift; path = AlbumsSearch.swift; sourceTree = "<group>"; };
		D8088B3029096FAF0037555B /* PlaylistsSearch.swift */ = {isa = PBXFileReference; lastKnownFileType = sourcecode.swift; path = PlaylistsSearch.swift; sourceTree = "<group>"; };
		D8088B332909700B0037555B /* MusicManager.swift */ = {isa = PBXFileReference; lastKnownFileType = sourcecode.swift; path = MusicManager.swift; sourceTree = "<group>"; };
		D8088B38290A28E00037555B /* HomeTableViewCell.swift */ = {isa = PBXFileReference; lastKnownFileType = sourcecode.swift; path = HomeTableViewCell.swift; sourceTree = "<group>"; };
		D8088B3A290A2A290037555B /* SongsCollectionViewCell.swift */ = {isa = PBXFileReference; lastKnownFileType = sourcecode.swift; path = SongsCollectionViewCell.swift; sourceTree = "<group>"; };
		D8088B3C290AB2EF0037555B /* AlbumsTableViewCell.swift */ = {isa = PBXFileReference; lastKnownFileType = sourcecode.swift; path = AlbumsTableViewCell.swift; sourceTree = "<group>"; };
		D8088B3D290AB2EF0037555B /* AlbumsTableViewCell.xib */ = {isa = PBXFileReference; lastKnownFileType = file.xib; path = AlbumsTableViewCell.xib; sourceTree = "<group>"; };
		D8088B42290AC1840037555B /* AlbumsCollectionViewCell.swift */ = {isa = PBXFileReference; lastKnownFileType = sourcecode.swift; path = AlbumsCollectionViewCell.swift; sourceTree = "<group>"; };
		D8088B43290AC1840037555B /* AlbumsCollectionViewCell.xib */ = {isa = PBXFileReference; lastKnownFileType = file.xib; path = AlbumsCollectionViewCell.xib; sourceTree = "<group>"; };
		D820B9202914C4AF000C8F88 /* ChatViewController.swift */ = {isa = PBXFileReference; lastKnownFileType = sourcecode.swift; path = ChatViewController.swift; sourceTree = "<group>"; };
		D820B9232914C552000C8F88 /* ChatMessageStrangerTableViewCell.swift */ = {isa = PBXFileReference; lastKnownFileType = sourcecode.swift; path = ChatMessageStrangerTableViewCell.swift; sourceTree = "<group>"; };
		D820B9242914C552000C8F88 /* ChatMessageStrangerTableViewCell.xib */ = {isa = PBXFileReference; lastKnownFileType = file.xib; path = ChatMessageStrangerTableViewCell.xib; sourceTree = "<group>"; };
		D820B928291549EF000C8F88 /* ChatMessageOwnerTableViewCell.swift */ = {isa = PBXFileReference; lastKnownFileType = sourcecode.swift; path = ChatMessageOwnerTableViewCell.swift; sourceTree = "<group>"; };
		D820B929291549EF000C8F88 /* ChatMessageOwnerTableViewCell.xib */ = {isa = PBXFileReference; lastKnownFileType = file.xib; path = ChatMessageOwnerTableViewCell.xib; sourceTree = "<group>"; };
		D82369AB290BDA2000AE41AB /* SearchDetailsViewController.swift */ = {isa = PBXFileReference; lastKnownFileType = sourcecode.swift; path = SearchDetailsViewController.swift; sourceTree = "<group>"; };
		D834AF50293840DF00994693 /* ACRCloudSDK.xcframework */ = {isa = PBXFileReference; lastKnownFileType = wrapper.xcframework; path = ACRCloudSDK.xcframework; sourceTree = "<group>"; };
		D834AF552938414700994693 /* ACRCloud-Bridging-Header.h */ = {isa = PBXFileReference; lastKnownFileType = sourcecode.c.h; name = "ACRCloud-Bridging-Header.h"; path = "SoulBar/ACRCloud-Bridging-Header.h"; sourceTree = SOURCE_ROOT; };
		D834AF562938416C00994693 /* HummingViewController.swift */ = {isa = PBXFileReference; lastKnownFileType = sourcecode.swift; path = HummingViewController.swift; sourceTree = "<group>"; };
		D834AF5E2938515700994693 /* HummingTableViewCell.swift */ = {isa = PBXFileReference; lastKnownFileType = sourcecode.swift; path = HummingTableViewCell.swift; sourceTree = "<group>"; };
		D834AF602938563100994693 /* HummingData.swift */ = {isa = PBXFileReference; lastKnownFileType = sourcecode.swift; path = HummingData.swift; sourceTree = "<group>"; };
		D834AF622938989200994693 /* RecognizeFaceResultViewController.swift */ = {isa = PBXFileReference; lastKnownFileType = sourcecode.swift; path = RecognizeFaceResultViewController.swift; sourceTree = "<group>"; };
		D834AF642939A78E00994693 /* music.json */ = {isa = PBXFileReference; fileEncoding = 4; lastKnownFileType = text.json; path = music.json; sourceTree = "<group>"; };
		D834AF652939A78E00994693 /* recording.json */ = {isa = PBXFileReference; fileEncoding = 4; lastKnownFileType = text.json; path = recording.json; sourceTree = "<group>"; };
		D834AF682939D32600994693 /* HummingDetailViewController.swift */ = {isa = PBXFileReference; lastKnownFileType = sourcecode.swift; path = HummingDetailViewController.swift; sourceTree = "<group>"; };
		D837B363291D6532008BE6D0 /* RecognizeErrorViewController.swift */ = {isa = PBXFileReference; lastKnownFileType = sourcecode.swift; path = RecognizeErrorViewController.swift; sourceTree = "<group>"; };
		D837B36A291DF7C2008BE6D0 /* processing.json */ = {isa = PBXFileReference; fileEncoding = 4; lastKnownFileType = text.json; path = processing.json; sourceTree = "<group>"; };
		D837B36D291DF94D008BE6D0 /* UIView+Ext.swift */ = {isa = PBXFileReference; lastKnownFileType = sourcecode.swift; path = "UIView+Ext.swift"; sourceTree = "<group>"; };
		D8573370290E561B0009D734 /* SearchArtistsResultTableViewCell.swift */ = {isa = PBXFileReference; lastKnownFileType = sourcecode.swift; path = SearchArtistsResultTableViewCell.swift; sourceTree = "<group>"; };
		D8573371290E561B0009D734 /* SearchArtistsResultTableViewCell.xib */ = {isa = PBXFileReference; lastKnownFileType = file.xib; path = SearchArtistsResultTableViewCell.xib; sourceTree = "<group>"; };
		D8573374290E9C640009D734 /* SearchSongsResultTableViewCell.swift */ = {isa = PBXFileReference; lastKnownFileType = sourcecode.swift; path = SearchSongsResultTableViewCell.swift; sourceTree = "<group>"; };
		D8573375290E9C640009D734 /* SearchSongsResultTableViewCell.xib */ = {isa = PBXFileReference; lastKnownFileType = file.xib; path = SearchSongsResultTableViewCell.xib; sourceTree = "<group>"; };
		D857337A290EA4CC0009D734 /* SearchAlbumsResultTableViewCell.swift */ = {isa = PBXFileReference; lastKnownFileType = sourcecode.swift; path = SearchAlbumsResultTableViewCell.swift; sourceTree = "<group>"; };
		D857337B290EA4CC0009D734 /* SearchAlbumsResultTableViewCell.xib */ = {isa = PBXFileReference; lastKnownFileType = file.xib; path = SearchAlbumsResultTableViewCell.xib; sourceTree = "<group>"; };
		D857337F290EA9150009D734 /* SearchAllResultTableViewCell.swift */ = {isa = PBXFileReference; lastKnownFileType = sourcecode.swift; path = SearchAllResultTableViewCell.swift; sourceTree = "<group>"; };
		D8573380290EA9150009D734 /* SearchAllResultTableViewCell.xib */ = {isa = PBXFileReference; lastKnownFileType = file.xib; path = SearchAllResultTableViewCell.xib; sourceTree = "<group>"; };
		D8573385290FBCA20009D734 /* PlaySongViewController.swift */ = {isa = PBXFileReference; lastKnownFileType = sourcecode.swift; path = PlaySongViewController.swift; sourceTree = "<group>"; };
		D85EDB99290966C1001583F6 /* SoulBar.app */ = {isa = PBXFileReference; explicitFileType = wrapper.application; includeInIndex = 0; path = SoulBar.app; sourceTree = BUILT_PRODUCTS_DIR; };
		D85EDB9C290966C1001583F6 /* AppDelegate.swift */ = {isa = PBXFileReference; lastKnownFileType = sourcecode.swift; path = AppDelegate.swift; sourceTree = "<group>"; };
		D85EDB9E290966C1001583F6 /* SceneDelegate.swift */ = {isa = PBXFileReference; lastKnownFileType = sourcecode.swift; path = SceneDelegate.swift; sourceTree = "<group>"; };
		D85EDBA3290966C1001583F6 /* Base */ = {isa = PBXFileReference; lastKnownFileType = file.storyboard; name = Base; path = Base.lproj/Main.storyboard; sourceTree = "<group>"; };
		D85EDBA5290966C3001583F6 /* Assets.xcassets */ = {isa = PBXFileReference; lastKnownFileType = folder.assetcatalog; path = Assets.xcassets; sourceTree = "<group>"; };
		D85EDBA8290966C3001583F6 /* Base */ = {isa = PBXFileReference; lastKnownFileType = file.storyboard; name = Base; path = Base.lproj/LaunchScreen.storyboard; sourceTree = "<group>"; };
		D85EDBAA290966C3001583F6 /* Info.plist */ = {isa = PBXFileReference; lastKnownFileType = text.plist.xml; path = Info.plist; sourceTree = "<group>"; };
		D8686DD42930B8A5004F2EBE /* UIImage+Ext.swift */ = {isa = PBXFileReference; lastKnownFileType = sourcecode.swift; path = "UIImage+Ext.swift"; sourceTree = "<group>"; };
		D8686DD62930B8C8004F2EBE /* UIAlert+Ext.swift */ = {isa = PBXFileReference; lastKnownFileType = sourcecode.swift; path = "UIAlert+Ext.swift"; sourceTree = "<group>"; };
		D869EEA6292E021E006BB828 /* AuthData.swift */ = {isa = PBXFileReference; lastKnownFileType = sourcecode.swift; path = AuthData.swift; sourceTree = "<group>"; };
		D869EEA9292E0314006BB828 /* AuthManager.swift */ = {isa = PBXFileReference; lastKnownFileType = sourcecode.swift; path = AuthManager.swift; sourceTree = "<group>"; };
		D86AD11229135F9F000208B6 /* EventsFavoriteCollectionViewCell.swift */ = {isa = PBXFileReference; lastKnownFileType = sourcecode.swift; path = EventsFavoriteCollectionViewCell.swift; sourceTree = "<group>"; };
		D86AD11829138E8A000208B6 /* EventsFavoriteCardsDetailsViewController.swift */ = {isa = PBXFileReference; lastKnownFileType = sourcecode.swift; path = EventsFavoriteCardsDetailsViewController.swift; sourceTree = "<group>"; };
		D86AD11D2913F4D8000208B6 /* FavoriteMusicTableViewCell.swift */ = {isa = PBXFileReference; lastKnownFileType = sourcecode.swift; path = FavoriteMusicTableViewCell.swift; sourceTree = "<group>"; };
		D86AD11E2913F4D8000208B6 /* FavoriteMusicTableViewCell.xib */ = {isa = PBXFileReference; lastKnownFileType = file.xib; path = FavoriteMusicTableViewCell.xib; sourceTree = "<group>"; };
		D86AD12129141124000208B6 /* FavoriteAlbumsTableViewCell.swift */ = {isa = PBXFileReference; lastKnownFileType = sourcecode.swift; path = FavoriteAlbumsTableViewCell.swift; sourceTree = "<group>"; };
		D86AD12229141124000208B6 /* FavoriteAlbumsTableViewCell.xib */ = {isa = PBXFileReference; lastKnownFileType = file.xib; path = FavoriteAlbumsTableViewCell.xib; sourceTree = "<group>"; };
		D86AD12529141139000208B6 /* FavoritePlaylistsTableViewCell.swift */ = {isa = PBXFileReference; lastKnownFileType = sourcecode.swift; path = FavoritePlaylistsTableViewCell.swift; sourceTree = "<group>"; };
		D86AD12629141139000208B6 /* FavoritePlaylistsTableViewCell.xib */ = {isa = PBXFileReference; lastKnownFileType = file.xib; path = FavoritePlaylistsTableViewCell.xib; sourceTree = "<group>"; };
		D874B9882917E4EA0082F2D7 /* ProfileTableViewCell.swift */ = {isa = PBXFileReference; lastKnownFileType = sourcecode.swift; path = ProfileTableViewCell.swift; sourceTree = "<group>"; };
		D874B9892917E4EA0082F2D7 /* ProfileTableViewCell.xib */ = {isa = PBXFileReference; lastKnownFileType = file.xib; path = ProfileTableViewCell.xib; sourceTree = "<group>"; };
		D874B98C2917E6890082F2D7 /* ProfileData.swift */ = {isa = PBXFileReference; lastKnownFileType = sourcecode.swift; path = ProfileData.swift; sourceTree = "<group>"; };
		D874B98F2917F52C0082F2D7 /* FavoriteAddNewListViewController.swift */ = {isa = PBXFileReference; lastKnownFileType = sourcecode.swift; path = FavoriteAddNewListViewController.swift; sourceTree = "<group>"; };
		D874B9932918EB7F0082F2D7 /* FavoriteListsTableViewCell.swift */ = {isa = PBXFileReference; lastKnownFileType = sourcecode.swift; path = FavoriteListsTableViewCell.swift; sourceTree = "<group>"; };
		D874B9942918EB7F0082F2D7 /* FavoriteListsTableViewCell.xib */ = {isa = PBXFileReference; lastKnownFileType = file.xib; path = FavoriteListsTableViewCell.xib; sourceTree = "<group>"; };
		D874B997291900260082F2D7 /* NewListPopUpViewController.swift */ = {isa = PBXFileReference; lastKnownFileType = sourcecode.swift; path = NewListPopUpViewController.swift; sourceTree = "<group>"; };
		D874B99929190B720082F2D7 /* NewListDisplayViewController.swift */ = {isa = PBXFileReference; lastKnownFileType = sourcecode.swift; path = NewListDisplayViewController.swift; sourceTree = "<group>"; };
		D874B99B29190E340082F2D7 /* NewListTableViewCell.swift */ = {isa = PBXFileReference; lastKnownFileType = sourcecode.swift; path = NewListTableViewCell.swift; sourceTree = "<group>"; };
		D874C8882912465800075AE9 /* FirebaseFavoriteData.swift */ = {isa = PBXFileReference; lastKnownFileType = sourcecode.swift; path = FirebaseFavoriteData.swift; sourceTree = "<group>"; };
		D874C88A2912466300075AE9 /* FirebaseFavoriteManager.swift */ = {isa = PBXFileReference; lastKnownFileType = sourcecode.swift; path = FirebaseFavoriteManager.swift; sourceTree = "<group>"; };
		D874C88D291247D300075AE9 /* FirebaseHistoryData.swift */ = {isa = PBXFileReference; lastKnownFileType = sourcecode.swift; path = FirebaseHistoryData.swift; sourceTree = "<group>"; };
		D874C88F291247DF00075AE9 /* FirebaseHistoryManager.swift */ = {isa = PBXFileReference; lastKnownFileType = sourcecode.swift; path = FirebaseHistoryManager.swift; sourceTree = "<group>"; };
		D874C8922912545600075AE9 /* FirebaseEventsTypeData.swift */ = {isa = PBXFileReference; lastKnownFileType = sourcecode.swift; path = FirebaseEventsTypeData.swift; sourceTree = "<group>"; };
		D874C8942912546100075AE9 /* FirebaseEventsManager.swift */ = {isa = PBXFileReference; lastKnownFileType = sourcecode.swift; path = FirebaseEventsManager.swift; sourceTree = "<group>"; };
		D874C8972912565000075AE9 /* FirebaseUserData.swift */ = {isa = PBXFileReference; lastKnownFileType = sourcecode.swift; path = FirebaseUserData.swift; sourceTree = "<group>"; };
		D874C8992912566800075AE9 /* FirebaseUserManager.swift */ = {isa = PBXFileReference; lastKnownFileType = sourcecode.swift; path = FirebaseUserManager.swift; sourceTree = "<group>"; };
		D874C89C29125BC600075AE9 /* FirebaseChatroomManager.swift */ = {isa = PBXFileReference; lastKnownFileType = sourcecode.swift; path = FirebaseChatroomManager.swift; sourceTree = "<group>"; };
		D874C89E29125BD700075AE9 /* FirebaseChatroomData.swift */ = {isa = PBXFileReference; lastKnownFileType = sourcecode.swift; path = FirebaseChatroomData.swift; sourceTree = "<group>"; };
		D874C8A22912835400075AE9 /* Constants.swift */ = {isa = PBXFileReference; lastKnownFileType = sourcecode.swift; path = Constants.swift; sourceTree = "<group>"; };
		D88071B5291F80BF00554B18 /* FavroiteMusicDetailsViewController.swift */ = {isa = PBXFileReference; lastKnownFileType = sourcecode.swift; path = FavroiteMusicDetailsViewController.swift; sourceTree = "<group>"; };
		D88071B7291F818800554B18 /* FavoriteMusicDetailsTableViewCell.swift */ = {isa = PBXFileReference; lastKnownFileType = sourcecode.swift; path = FavoriteMusicDetailsTableViewCell.swift; sourceTree = "<group>"; };
		D88071B8291F818800554B18 /* FavoriteMusicDetailsTableViewCell.xib */ = {isa = PBXFileReference; lastKnownFileType = file.xib; path = FavoriteMusicDetailsTableViewCell.xib; sourceTree = "<group>"; };
		D88071BB291F9BB800554B18 /* FavoriteMusicDetailsNoHeartTableViewCell.swift */ = {isa = PBXFileReference; lastKnownFileType = sourcecode.swift; path = FavoriteMusicDetailsNoHeartTableViewCell.swift; sourceTree = "<group>"; };
		D88071BC291F9BB800554B18 /* FavoriteMusicDetailsNoHeartTableViewCell.xib */ = {isa = PBXFileReference; lastKnownFileType = file.xib; path = FavoriteMusicDetailsNoHeartTableViewCell.xib; sourceTree = "<group>"; };
		D88071C02920C39300554B18 /* FavoriteData.swift */ = {isa = PBXFileReference; lastKnownFileType = sourcecode.swift; path = FavoriteData.swift; sourceTree = "<group>"; };
		D88071C52920EA1400554B18 /* ProfileHistoryViewController.swift */ = {isa = PBXFileReference; lastKnownFileType = sourcecode.swift; path = ProfileHistoryViewController.swift; sourceTree = "<group>"; };
		D88071C72920EA3300554B18 /* ProfileHistoryTableViewCell.swift */ = {isa = PBXFileReference; lastKnownFileType = sourcecode.swift; path = ProfileHistoryTableViewCell.swift; sourceTree = "<group>"; };
		D88071C82920EA3300554B18 /* ProfileHistoryTableViewCell.xib */ = {isa = PBXFileReference; lastKnownFileType = file.xib; path = ProfileHistoryTableViewCell.xib; sourceTree = "<group>"; };
		D88071CB2920F4A400554B18 /* DateFormatter+Ext.swift */ = {isa = PBXFileReference; lastKnownFileType = sourcecode.swift; path = "DateFormatter+Ext.swift"; sourceTree = "<group>"; };
		D88071CD2921213400554B18 /* ProfileArtistsViewController.swift */ = {isa = PBXFileReference; lastKnownFileType = sourcecode.swift; path = ProfileArtistsViewController.swift; sourceTree = "<group>"; };
		D88071CF292121A600554B18 /* ProfileArtistsTableViewCell.swift */ = {isa = PBXFileReference; lastKnownFileType = sourcecode.swift; path = ProfileArtistsTableViewCell.swift; sourceTree = "<group>"; };
		D88550AE2910CA710083D050 /* EventsCardsDetailsViewController.swift */ = {isa = PBXFileReference; lastKnownFileType = sourcecode.swift; path = EventsCardsDetailsViewController.swift; sourceTree = "<group>"; };
		D88550B02910E3570083D050 /* MapManager.swift */ = {isa = PBXFileReference; lastKnownFileType = sourcecode.swift; path = MapManager.swift; sourceTree = "<group>"; };
		D88550B229114E620083D050 /* GoogleService-Info.plist */ = {isa = PBXFileReference; fileEncoding = 4; lastKnownFileType = text.plist.xml; path = "GoogleService-Info.plist"; sourceTree = "<group>"; };
		D8A1B969290C1B56007F6775 /* ArtistsSearch.swift */ = {isa = PBXFileReference; lastKnownFileType = sourcecode.swift; path = ArtistsSearch.swift; sourceTree = "<group>"; };
		D8A1B96B290C228E007F6775 /* EventsTableViewCell.swift */ = {isa = PBXFileReference; lastKnownFileType = sourcecode.swift; path = EventsTableViewCell.swift; sourceTree = "<group>"; };
		D8A1B96E290C3419007F6775 /* PlaylistsTableViewCell.swift */ = {isa = PBXFileReference; lastKnownFileType = sourcecode.swift; path = PlaylistsTableViewCell.swift; sourceTree = "<group>"; };
		D8A1B96F290C3419007F6775 /* PlaylistsTableViewCell.xib */ = {isa = PBXFileReference; lastKnownFileType = file.xib; path = PlaylistsTableViewCell.xib; sourceTree = "<group>"; };
		D8A1B974290C35D3007F6775 /* PlaylistsCollectionViewCell.swift */ = {isa = PBXFileReference; lastKnownFileType = sourcecode.swift; path = PlaylistsCollectionViewCell.swift; sourceTree = "<group>"; };
		D8A1B975290C35D3007F6775 /* PlaylistsCollectionViewCell.xib */ = {isa = PBXFileReference; lastKnownFileType = file.xib; path = PlaylistsCollectionViewCell.xib; sourceTree = "<group>"; };
		D8A1B97B290C46C6007F6775 /* SongListViewController.swift */ = {isa = PBXFileReference; lastKnownFileType = sourcecode.swift; path = SongListViewController.swift; sourceTree = "<group>"; };
		D8A1B97D290C475F007F6775 /* SongListTableViewCell.swift */ = {isa = PBXFileReference; lastKnownFileType = sourcecode.swift; path = SongListTableViewCell.swift; sourceTree = "<group>"; };
		D8B528E929163105004C8D2A /* PlaySongManager.swift */ = {isa = PBXFileReference; lastKnownFileType = sourcecode.swift; path = PlaySongManager.swift; sourceTree = "<group>"; };
		D8E098A62928D351005971C6 /* RecommendCollectionViewCell.swift */ = {isa = PBXFileReference; lastKnownFileType = sourcecode.swift; path = RecommendCollectionViewCell.swift; sourceTree = "<group>"; };
		D8E098A72928D351005971C6 /* RecommendCollectionViewCell.xib */ = {isa = PBXFileReference; lastKnownFileType = file.xib; path = RecommendCollectionViewCell.xib; sourceTree = "<group>"; };
		D8E098AA292A0150005971C6 /* RecommendTableViewCell.swift */ = {isa = PBXFileReference; lastKnownFileType = sourcecode.swift; path = RecommendTableViewCell.swift; sourceTree = "<group>"; };
		D8E098AB292A0150005971C6 /* RecommendTableViewCell.xib */ = {isa = PBXFileReference; lastKnownFileType = file.xib; path = RecommendTableViewCell.xib; sourceTree = "<group>"; };
		D8E098AE292A245B005971C6 /* LaunchScreenViewController.swift */ = {isa = PBXFileReference; lastKnownFileType = sourcecode.swift; path = LaunchScreenViewController.swift; sourceTree = "<group>"; };
		D8EA0EF52922728600514F35 /* AppleAuthViewController.swift */ = {isa = PBXFileReference; lastKnownFileType = sourcecode.swift; path = AppleAuthViewController.swift; sourceTree = "<group>"; };
		D8EA0EF7292276E500514F35 /* SoulBar.entitlements */ = {isa = PBXFileReference; lastKnownFileType = text.plist.entitlements; path = SoulBar.entitlements; sourceTree = "<group>"; };
		D8EA0EFC29233F5400514F35 /* KeychainManager.swift */ = {isa = PBXFileReference; lastKnownFileType = sourcecode.swift; path = KeychainManager.swift; sourceTree = "<group>"; };
		D8EA0F062924BA0F00514F35 /* ProfileEventsViewController.swift */ = {isa = PBXFileReference; lastKnownFileType = sourcecode.swift; path = ProfileEventsViewController.swift; sourceTree = "<group>"; };
		D8EA0F082924BAEB00514F35 /* ProfileEventCollectionViewCell.swift */ = {isa = PBXFileReference; lastKnownFileType = sourcecode.swift; path = ProfileEventCollectionViewCell.swift; sourceTree = "<group>"; };
		D8EA0F0B29267B2A00514F35 /* YoutubeData.swift */ = {isa = PBXFileReference; lastKnownFileType = sourcecode.swift; path = YoutubeData.swift; sourceTree = "<group>"; };
		D8EA0F0D29267B3700514F35 /* YoutubeManager.swift */ = {isa = PBXFileReference; lastKnownFileType = sourcecode.swift; path = YoutubeManager.swift; sourceTree = "<group>"; };
		D8EA0F10292682A200514F35 /* PlayVideoViewController.swift */ = {isa = PBXFileReference; lastKnownFileType = sourcecode.swift; path = PlayVideoViewController.swift; sourceTree = "<group>"; };
		D8F0E29E292EFCC400BCDFAF /* PrivacyViewController.swift */ = {isa = PBXFileReference; lastKnownFileType = sourcecode.swift; path = PrivacyViewController.swift; sourceTree = "<group>"; };
		D8F7387B294077A800E5DEFB /* KingfisherWrapper.swift */ = {isa = PBXFileReference; lastKnownFileType = sourcecode.swift; path = KingfisherWrapper.swift; sourceTree = "<group>"; };
		D8FABE452919F0E30094A77F /* MiniPlayerViewController.swift */ = {isa = PBXFileReference; lastKnownFileType = sourcecode.swift; path = MiniPlayerViewController.swift; sourceTree = "<group>"; };
		D8FABE472919F1450094A77F /* RootTabBarViewController.swift */ = {isa = PBXFileReference; lastKnownFileType = sourcecode.swift; path = RootTabBarViewController.swift; sourceTree = "<group>"; };
/* End PBXFileReference section */

/* Begin PBXFrameworksBuildPhase section */
		D85EDB96290966C1001583F6 /* Frameworks */ = {
			isa = PBXFrameworksBuildPhase;
			buildActionMask = 2147483647;
			files = (
				D834AF52293840EC00994693 /* ACRCloudSDK.xcframework in Frameworks */,
				D869EEA5292E010B006BB828 /* SwiftJWT in Frameworks */,
				D6007183383E3DC002792CB6 /* Pods_SoulBar.framework in Frameworks */,
			);
			runOnlyForDeploymentPostprocessing = 0;
		};
/* End PBXFrameworksBuildPhase section */

/* Begin PBXGroup section */
		15F0BC1F2D2670309AFA9106 /* Pods */ = {
			isa = PBXGroup;
			children = (
				C4433B255174EF6B0215E299 /* Pods-SoulBar.debug.xcconfig */,
				C0E6094484ECAF31F0E016CF /* Pods-SoulBar.release.xcconfig */,
			);
			path = Pods;
			sourceTree = "<group>";
		};
		D8088B1329096BEE0037555B /* Controller */ = {
			isa = PBXGroup;
			children = (
				D8088B35290A27B30037555B /* Home */,
				D8A1B96D290C22E5007F6775 /* Events */,
				D86AD11B2913F3F9000208B6 /* Search */,
				D8EA0F022923D1F700514F35 /* Recognize */,
				D86AD11C2913F42C000208B6 /* Favorite */,
				D88071C42920E9CF00554B18 /* Profile */,
				D820B9222914C50E000C8F88 /* Chat */,
				D8EA0F032923D20500514F35 /* Auth */,
				D8EA0F042923D21100514F35 /* SongPlayer */,
				D8F7387D2940D30500E5DEFB /* Humming */,
				D8F738802940D37D00E5DEFB /* Video */,
				D8FABE472919F1450094A77F /* RootTabBarViewController.swift */,
				D8E098AE292A245B005971C6 /* LaunchScreenViewController.swift */,
			);
			path = Controller;
			sourceTree = "<group>";
		};
		D8088B1E29096CA30037555B /* Model */ = {
			isa = PBXGroup;
			children = (
				D8F7387F2940D36B00E5DEFB /* Map */,
				D8EA0F0F29267B3C00514F35 /* Youtube */,
				D88071BF2920C38300554B18 /* Favorite */,
				D8088B2129096D8C0037555B /* Events */,
				D874C8872912462000075AE9 /* Firebase */,
				D874B98E2917E6930082F2D7 /* Profile */,
				D8F7387E2940D34B00E5DEFB /* Humming */,
				D8088B2A29096F680037555B /* Music */,
				D869EEA8292E0305006BB828 /* Auth */,
			);
			path = Model;
			sourceTree = "<group>";
		};
		D8088B2129096D8C0037555B /* Events */ = {
			isa = PBXGroup;
			children = (
				D8088B1F29096D850037555B /* EventsManager.swift */,
				D8088B2229096F1E0037555B /* EventsData.swift */,
			);
			path = Events;
			sourceTree = "<group>";
		};
		D8088B2A29096F680037555B /* Music */ = {
			isa = PBXGroup;
			children = (
				D8088B2B29096F710037555B /* Charts */,
				D8088B3229096FB20037555B /* Search */,
				D8088B332909700B0037555B /* MusicManager.swift */,
			);
			path = Music;
			sourceTree = "<group>";
		};
		D8088B2B29096F710037555B /* Charts */ = {
			isa = PBXGroup;
			children = (
				D8088B2429096F400037555B /* SongsCharts.swift */,
				D8088B2629096F550037555B /* AlbumsCharts.swift */,
				D8088B2829096F610037555B /* PlaylistsCharts.swift */,
			);
			path = Charts;
			sourceTree = "<group>";
		};
		D8088B3229096FB20037555B /* Search */ = {
			isa = PBXGroup;
			children = (
				D8088B2C29096F8D0037555B /* SongsSearch.swift */,
				D8A1B969290C1B56007F6775 /* ArtistsSearch.swift */,
				D8088B2E29096F9E0037555B /* AlbumsSearch.swift */,
				D8088B3029096FAF0037555B /* PlaylistsSearch.swift */,
			);
			path = Search;
			sourceTree = "<group>";
		};
		D8088B35290A27B30037555B /* Home */ = {
			isa = PBXGroup;
			children = (
				D8088B1429096C0C0037555B /* HomeViewController.swift */,
				D8088B38290A28E00037555B /* HomeTableViewCell.swift */,
				D8088B3A290A2A290037555B /* SongsCollectionViewCell.swift */,
				D8A1B96E290C3419007F6775 /* PlaylistsTableViewCell.swift */,
				D8A1B974290C35D3007F6775 /* PlaylistsCollectionViewCell.swift */,
				D8088B3C290AB2EF0037555B /* AlbumsTableViewCell.swift */,
				D8E098A62928D351005971C6 /* RecommendCollectionViewCell.swift */,
				D8088B42290AC1840037555B /* AlbumsCollectionViewCell.swift */,
				D8E098AA292A0150005971C6 /* RecommendTableViewCell.swift */,
				D8A1B97B290C46C6007F6775 /* SongListViewController.swift */,
				D8A1B97D290C475F007F6775 /* SongListTableViewCell.swift */,
			);
			path = Home;
			sourceTree = "<group>";
		};
		D820B9222914C50E000C8F88 /* Chat */ = {
			isa = PBXGroup;
			children = (
				D820B9202914C4AF000C8F88 /* ChatViewController.swift */,
				D820B9232914C552000C8F88 /* ChatMessageStrangerTableViewCell.swift */,
				D820B928291549EF000C8F88 /* ChatMessageOwnerTableViewCell.swift */,
			);
			path = Chat;
			sourceTree = "<group>";
		};
		D837B365291DEE64008BE6D0 /* LottieAsset */ = {
			isa = PBXGroup;
			children = (
				D834AF642939A78E00994693 /* music.json */,
				D834AF652939A78E00994693 /* recording.json */,
				D837B36A291DF7C2008BE6D0 /* processing.json */,
			);
			path = LottieAsset;
			sourceTree = "<group>";
		};
		D837B36C291DF93E008BE6D0 /* Extension */ = {
			isa = PBXGroup;
			children = (
				D837B36D291DF94D008BE6D0 /* UIView+Ext.swift */,
				D8686DD42930B8A5004F2EBE /* UIImage+Ext.swift */,
				D8686DD62930B8C8004F2EBE /* UIAlert+Ext.swift */,
				D88071CB2920F4A400554B18 /* DateFormatter+Ext.swift */,
			);
			path = Extension;
			sourceTree = "<group>";
		};
		D85EDB90290966C1001583F6 = {
			isa = PBXGroup;
			children = (
				D834AF50293840DF00994693 /* ACRCloudSDK.xcframework */,
				D85EDB9B290966C1001583F6 /* SoulBar */,
				D85EDB9A290966C1001583F6 /* Products */,
				15F0BC1F2D2670309AFA9106 /* Pods */,
				ED402BEA305D140F30846F05 /* Frameworks */,
			);
			sourceTree = "<group>";
		};
		D85EDB9A290966C1001583F6 /* Products */ = {
			isa = PBXGroup;
			children = (
				D85EDB99290966C1001583F6 /* SoulBar.app */,
			);
			name = Products;
			sourceTree = "<group>";
		};
		D85EDB9B290966C1001583F6 /* SoulBar */ = {
			isa = PBXGroup;
			children = (
				D8EA0EF7292276E500514F35 /* SoulBar.entitlements */,
				D85EDB9C290966C1001583F6 /* AppDelegate.swift */,
				D85EDB9E290966C1001583F6 /* SceneDelegate.swift */,
				D834AF552938414700994693 /* ACRCloud-Bridging-Header.h */,
				D8EA0F012923D1C300514F35 /* Third Party Wrapper */,
				D837B36C291DF93E008BE6D0 /* Extension */,
				D837B365291DEE64008BE6D0 /* LottieAsset */,
				D8088B1E29096CA30037555B /* Model */,
				D8088B1329096BEE0037555B /* Controller */,
				D8A1B978290C463B007F6775 /* View */,
				D85EDBA5290966C3001583F6 /* Assets.xcassets */,
				D88550B229114E620083D050 /* GoogleService-Info.plist */,
				D85EDBA7290966C3001583F6 /* LaunchScreen.storyboard */,
				D874C8A22912835400075AE9 /* Constants.swift */,
				D85EDBAA290966C3001583F6 /* Info.plist */,
			);
			path = SoulBar;
			sourceTree = "<group>";
		};
		D869EEA8292E0305006BB828 /* Auth */ = {
			isa = PBXGroup;
			children = (
				D869EEA6292E021E006BB828 /* AuthData.swift */,
				D869EEA9292E0314006BB828 /* AuthManager.swift */,
			);
			path = Auth;
			sourceTree = "<group>";
		};
		D86AD11A2913F3ED000208B6 /* Search */ = {
			isa = PBXGroup;
			children = (
				D857337B290EA4CC0009D734 /* SearchAlbumsResultTableViewCell.xib */,
				D8573371290E561B0009D734 /* SearchArtistsResultTableViewCell.xib */,
				D8573380290EA9150009D734 /* SearchAllResultTableViewCell.xib */,
				D8573375290E9C640009D734 /* SearchSongsResultTableViewCell.xib */,
			);
			path = Search;
			sourceTree = "<group>";
		};
		D86AD11B2913F3F9000208B6 /* Search */ = {
			isa = PBXGroup;
			children = (
				D857337F290EA9150009D734 /* SearchAllResultTableViewCell.swift */,
				D82369AB290BDA2000AE41AB /* SearchDetailsViewController.swift */,
				D8573370290E561B0009D734 /* SearchArtistsResultTableViewCell.swift */,
				D857337A290EA4CC0009D734 /* SearchAlbumsResultTableViewCell.swift */,
				D8573374290E9C640009D734 /* SearchSongsResultTableViewCell.swift */,
			);
			path = Search;
			sourceTree = "<group>";
		};
		D86AD11C2913F42C000208B6 /* Favorite */ = {
			isa = PBXGroup;
			children = (
				D8EA0F052923D23300514F35 /* New List */,
				D8088B1A29096C400037555B /* FavoriteViewController.swift */,
				D874B98F2917F52C0082F2D7 /* FavoriteAddNewListViewController.swift */,
				D86AD12129141124000208B6 /* FavoriteAlbumsTableViewCell.swift */,
				D86AD12529141139000208B6 /* FavoritePlaylistsTableViewCell.swift */,
				D874B9932918EB7F0082F2D7 /* FavoriteListsTableViewCell.swift */,
				D88071B5291F80BF00554B18 /* FavroiteMusicDetailsViewController.swift */,
				D88071B7291F818800554B18 /* FavoriteMusicDetailsTableViewCell.swift */,
				D88071BB291F9BB800554B18 /* FavoriteMusicDetailsNoHeartTableViewCell.swift */,
				D86AD11D2913F4D8000208B6 /* FavoriteMusicTableViewCell.swift */,
			);
			path = Favorite;
			sourceTree = "<group>";
		};
		D874B98E2917E6930082F2D7 /* Profile */ = {
			isa = PBXGroup;
			children = (
				D874B98C2917E6890082F2D7 /* ProfileData.swift */,
			);
			path = Profile;
			sourceTree = "<group>";
		};
		D874C8872912462000075AE9 /* Firebase */ = {
			isa = PBXGroup;
			children = (
				D874C89B2912566D00075AE9 /* User */,
				D874C88C291246F600075AE9 /* Favorite */,
				D874C8912912485200075AE9 /* History */,
				D874C896291254AA00075AE9 /* Events */,
				D874C89C29125BC600075AE9 /* FirebaseChatroomManager.swift */,
				D874C89E29125BD700075AE9 /* FirebaseChatroomData.swift */,
			);
			path = Firebase;
			sourceTree = "<group>";
		};
		D874C88C291246F600075AE9 /* Favorite */ = {
			isa = PBXGroup;
			children = (
				D874C8882912465800075AE9 /* FirebaseFavoriteData.swift */,
				D874C88A2912466300075AE9 /* FirebaseFavoriteManager.swift */,
			);
			path = Favorite;
			sourceTree = "<group>";
		};
		D874C8912912485200075AE9 /* History */ = {
			isa = PBXGroup;
			children = (
				D874C88D291247D300075AE9 /* FirebaseHistoryData.swift */,
				D874C88F291247DF00075AE9 /* FirebaseHistoryManager.swift */,
			);
			path = History;
			sourceTree = "<group>";
		};
		D874C896291254AA00075AE9 /* Events */ = {
			isa = PBXGroup;
			children = (
				D874C8922912545600075AE9 /* FirebaseEventsTypeData.swift */,
				D874C8942912546100075AE9 /* FirebaseEventsManager.swift */,
			);
			path = Events;
			sourceTree = "<group>";
		};
		D874C89B2912566D00075AE9 /* User */ = {
			isa = PBXGroup;
			children = (
				D874C8972912565000075AE9 /* FirebaseUserData.swift */,
				D874C8992912566800075AE9 /* FirebaseUserManager.swift */,
			);
			path = User;
			sourceTree = "<group>";
		};
		D88071BF2920C38300554B18 /* Favorite */ = {
			isa = PBXGroup;
			children = (
				D88071C02920C39300554B18 /* FavoriteData.swift */,
			);
			path = Favorite;
			sourceTree = "<group>";
		};
		D88071C42920E9CF00554B18 /* Profile */ = {
			isa = PBXGroup;
			children = (
				D8088B1C29096C4D0037555B /* ProfileViewController.swift */,
				D874B9882917E4EA0082F2D7 /* ProfileTableViewCell.swift */,
				D88071C52920EA1400554B18 /* ProfileHistoryViewController.swift */,
				D88071C72920EA3300554B18 /* ProfileHistoryTableViewCell.swift */,
				D8EA0F062924BA0F00514F35 /* ProfileEventsViewController.swift */,
				D88071CD2921213400554B18 /* ProfileArtistsViewController.swift */,
				D8EA0F082924BAEB00514F35 /* ProfileEventCollectionViewCell.swift */,
				D88071CF292121A600554B18 /* ProfileArtistsTableViewCell.swift */,
			);
			path = Profile;
			sourceTree = "<group>";
		};
		D8A1B96D290C22E5007F6775 /* Events */ = {
			isa = PBXGroup;
			children = (
				D8088B1629096C200037555B /* EventsViewController.swift */,
				D86AD11229135F9F000208B6 /* EventsFavoriteCollectionViewCell.swift */,
				D88550AE2910CA710083D050 /* EventsCardsDetailsViewController.swift */,
				D86AD11829138E8A000208B6 /* EventsFavoriteCardsDetailsViewController.swift */,
				D8A1B96B290C228E007F6775 /* EventsTableViewCell.swift */,
			);
			path = Events;
			sourceTree = "<group>";
		};
		D8A1B978290C463B007F6775 /* View */ = {
			isa = PBXGroup;
			children = (
				D8EA0F002923D1A200514F35 /* Chat */,
				D8EA0EFF2923D19300514F35 /* Profile */,
				D8EA0EFE2923D16000514F35 /* Favorite */,
				D8A1B979290C4642007F6775 /* Home */,
				D86AD11A2913F3ED000208B6 /* Search */,
				D85EDBA2290966C1001583F6 /* Main.storyboard */,
			);
			path = View;
			sourceTree = "<group>";
		};
		D8A1B979290C4642007F6775 /* Home */ = {
			isa = PBXGroup;
			children = (
				D8E098A72928D351005971C6 /* RecommendCollectionViewCell.xib */,
				D8A1B96F290C3419007F6775 /* PlaylistsTableViewCell.xib */,
				D8E098AB292A0150005971C6 /* RecommendTableViewCell.xib */,
				D8A1B975290C35D3007F6775 /* PlaylistsCollectionViewCell.xib */,
				D8088B43290AC1840037555B /* AlbumsCollectionViewCell.xib */,
				D8088B3D290AB2EF0037555B /* AlbumsTableViewCell.xib */,
			);
			path = Home;
			sourceTree = "<group>";
		};
		D8EA0EFE2923D16000514F35 /* Favorite */ = {
			isa = PBXGroup;
			children = (
				D874B9942918EB7F0082F2D7 /* FavoriteListsTableViewCell.xib */,
				D86AD12629141139000208B6 /* FavoritePlaylistsTableViewCell.xib */,
				D86AD12229141124000208B6 /* FavoriteAlbumsTableViewCell.xib */,
				D86AD11E2913F4D8000208B6 /* FavoriteMusicTableViewCell.xib */,
				D88071B8291F818800554B18 /* FavoriteMusicDetailsTableViewCell.xib */,
				D88071BC291F9BB800554B18 /* FavoriteMusicDetailsNoHeartTableViewCell.xib */,
			);
			path = Favorite;
			sourceTree = "<group>";
		};
		D8EA0EFF2923D19300514F35 /* Profile */ = {
			isa = PBXGroup;
			children = (
				D88071C82920EA3300554B18 /* ProfileHistoryTableViewCell.xib */,
				D874B9892917E4EA0082F2D7 /* ProfileTableViewCell.xib */,
			);
			path = Profile;
			sourceTree = "<group>";
		};
		D8EA0F002923D1A200514F35 /* Chat */ = {
			isa = PBXGroup;
			children = (
				D820B9242914C552000C8F88 /* ChatMessageStrangerTableViewCell.xib */,
				D820B929291549EF000C8F88 /* ChatMessageOwnerTableViewCell.xib */,
			);
			path = Chat;
			sourceTree = "<group>";
		};
		D8EA0F012923D1C300514F35 /* Third Party Wrapper */ = {
			isa = PBXGroup;
			children = (
				D8EA0EFC29233F5400514F35 /* KeychainManager.swift */,
				D8F7387B294077A800E5DEFB /* KingfisherWrapper.swift */,
			);
			path = "Third Party Wrapper";
			sourceTree = "<group>";
		};
		D8EA0F022923D1F700514F35 /* Recognize */ = {
			isa = PBXGroup;
			children = (
				D8088B1829096C2E0037555B /* RecognizeViewController.swift */,
				D837B363291D6532008BE6D0 /* RecognizeErrorViewController.swift */,
				D834AF622938989200994693 /* RecognizeFaceResultViewController.swift */,
			);
			path = Recognize;
			sourceTree = "<group>";
		};
		D8EA0F032923D20500514F35 /* Auth */ = {
			isa = PBXGroup;
			children = (
				D8EA0EF52922728600514F35 /* AppleAuthViewController.swift */,
				D8F0E29E292EFCC400BCDFAF /* PrivacyViewController.swift */,
			);
			path = Auth;
			sourceTree = "<group>";
		};
		D8EA0F042923D21100514F35 /* SongPlayer */ = {
			isa = PBXGroup;
			children = (
				D8573385290FBCA20009D734 /* PlaySongViewController.swift */,
				D8B528E929163105004C8D2A /* PlaySongManager.swift */,
				D8FABE452919F0E30094A77F /* MiniPlayerViewController.swift */,
			);
			path = SongPlayer;
			sourceTree = "<group>";
		};
		D8EA0F052923D23300514F35 /* New List */ = {
			isa = PBXGroup;
			children = (
				D874B99929190B720082F2D7 /* NewListDisplayViewController.swift */,
				D874B997291900260082F2D7 /* NewListPopUpViewController.swift */,
				D874B99B29190E340082F2D7 /* NewListTableViewCell.swift */,
			);
			path = "New List";
			sourceTree = "<group>";
		};
		D8EA0F0F29267B3C00514F35 /* Youtube */ = {
			isa = PBXGroup;
			children = (
				D8EA0F0B29267B2A00514F35 /* YoutubeData.swift */,
				D8EA0F0D29267B3700514F35 /* YoutubeManager.swift */,
			);
			path = Youtube;
			sourceTree = "<group>";
		};
		D8F7387D2940D30500E5DEFB /* Humming */ = {
			isa = PBXGroup;
			children = (
				D834AF562938416C00994693 /* HummingViewController.swift */,
				D834AF682939D32600994693 /* HummingDetailViewController.swift */,
				D834AF5E2938515700994693 /* HummingTableViewCell.swift */,
			);
			path = Humming;
			sourceTree = "<group>";
		};
		D8F7387E2940D34B00E5DEFB /* Humming */ = {
			isa = PBXGroup;
			children = (
				D834AF602938563100994693 /* HummingData.swift */,
			);
			path = Humming;
			sourceTree = "<group>";
		};
		D8F7387F2940D36B00E5DEFB /* Map */ = {
			isa = PBXGroup;
			children = (
				D88550B02910E3570083D050 /* MapManager.swift */,
			);
			path = Map;
			sourceTree = "<group>";
		};
		D8F738802940D37D00E5DEFB /* Video */ = {
			isa = PBXGroup;
			children = (
				D8EA0F10292682A200514F35 /* PlayVideoViewController.swift */,
			);
			path = Video;
			sourceTree = "<group>";
		};
		ED402BEA305D140F30846F05 /* Frameworks */ = {
			isa = PBXGroup;
			children = (
				BCB3F3D6B45D0F8942D88A7E /* Pods_SoulBar.framework */,
			);
			name = Frameworks;
			sourceTree = "<group>";
		};
/* End PBXGroup section */

/* Begin PBXNativeTarget section */
		D85EDB98290966C1001583F6 /* SoulBar */ = {
			isa = PBXNativeTarget;
			buildConfigurationList = D85EDBAD290966C3001583F6 /* Build configuration list for PBXNativeTarget "SoulBar" */;
			buildPhases = (
				BB7605715A522671E42415A5 /* [CP] Check Pods Manifest.lock */,
				D85EDB95290966C1001583F6 /* Sources */,
				D85EDB96290966C1001583F6 /* Frameworks */,
				D85EDB97290966C1001583F6 /* Resources */,
				D8573384290F77470009D734 /* ShellScript */,
				1AE131273F5B89C0D39E38C4 /* [CP] Embed Pods Frameworks */,
				D87E3B2A29320868008B79D9 /* Run Script */,
			);
			buildRules = (
			);
			dependencies = (
			);
			name = SoulBar;
			packageProductDependencies = (
				D869EEA4292E010B006BB828 /* SwiftJWT */,
			);
			productName = SoulBar;
			productReference = D85EDB99290966C1001583F6 /* SoulBar.app */;
			productType = "com.apple.product-type.application";
		};
/* End PBXNativeTarget section */

/* Begin PBXProject section */
		D85EDB91290966C1001583F6 /* Project object */ = {
			isa = PBXProject;
			attributes = {
				BuildIndependentTargetsInParallel = 1;
				LastSwiftUpdateCheck = 1340;
				LastUpgradeCheck = 1340;
				TargetAttributes = {
					D85EDB98290966C1001583F6 = {
						CreatedOnToolsVersion = 13.4.1;
					};
				};
			};
			buildConfigurationList = D85EDB94290966C1001583F6 /* Build configuration list for PBXProject "SoulBar" */;
			compatibilityVersion = "Xcode 13.0";
			developmentRegion = en;
			hasScannedForEncodings = 0;
			knownRegions = (
				en,
				Base,
			);
			mainGroup = D85EDB90290966C1001583F6;
			packageReferences = (
				D869EEA3292E010B006BB828 /* XCRemoteSwiftPackageReference "Swift-JWT" */,
			);
			productRefGroup = D85EDB9A290966C1001583F6 /* Products */;
			projectDirPath = "";
			projectRoot = "";
			targets = (
				D85EDB98290966C1001583F6 /* SoulBar */,
			);
		};
/* End PBXProject section */

/* Begin PBXResourcesBuildPhase section */
		D85EDB97290966C1001583F6 /* Resources */ = {
			isa = PBXResourcesBuildPhase;
			buildActionMask = 2147483647;
			files = (
				D8573382290EA9150009D734 /* SearchAllResultTableViewCell.xib in Resources */,
				D8E098A92928D351005971C6 /* RecommendCollectionViewCell.xib in Resources */,
				D88071CA2920EA3300554B18 /* ProfileHistoryTableViewCell.xib in Resources */,
				D88071BA291F818800554B18 /* FavoriteMusicDetailsTableViewCell.xib in Resources */,
				D820B92B291549EF000C8F88 /* ChatMessageOwnerTableViewCell.xib in Resources */,
				D88550B329114E620083D050 /* GoogleService-Info.plist in Resources */,
				D85EDBA9290966C3001583F6 /* LaunchScreen.storyboard in Resources */,
				D8573377290E9C640009D734 /* SearchSongsResultTableViewCell.xib in Resources */,
				D874B98B2917E4EA0082F2D7 /* ProfileTableViewCell.xib in Resources */,
				D837B36B291DF7C2008BE6D0 /* processing.json in Resources */,
				D86AD1202913F4D8000208B6 /* FavoriteMusicTableViewCell.xib in Resources */,
				D820B92C2915720B000C8F88 /* Assets.xcassets in Resources */,
				D8E098AD292A0150005971C6 /* RecommendTableViewCell.xib in Resources */,
				D820B9262914C552000C8F88 /* ChatMessageStrangerTableViewCell.xib in Resources */,
				D874B9962918EB7F0082F2D7 /* FavoriteListsTableViewCell.xib in Resources */,
				D85EDBA4290966C1001583F6 /* Main.storyboard in Resources */,
				D857337D290EA4CC0009D734 /* SearchAlbumsResultTableViewCell.xib in Resources */,
				D8A1B977290C35D3007F6775 /* PlaylistsCollectionViewCell.xib in Resources */,
				D8A1B971290C3419007F6775 /* PlaylistsTableViewCell.xib in Resources */,
				D834AF662939A78F00994693 /* music.json in Resources */,
				D8088B45290AC1840037555B /* AlbumsCollectionViewCell.xib in Resources */,
				D8088B3F290AB2EF0037555B /* AlbumsTableViewCell.xib in Resources */,
				D8573373290E561B0009D734 /* SearchArtistsResultTableViewCell.xib in Resources */,
				D834AF672939A78F00994693 /* recording.json in Resources */,
				D86AD12429141124000208B6 /* FavoriteAlbumsTableViewCell.xib in Resources */,
				D88071BE291F9BB800554B18 /* FavoriteMusicDetailsNoHeartTableViewCell.xib in Resources */,
				D86AD12829141139000208B6 /* FavoritePlaylistsTableViewCell.xib in Resources */,
			);
			runOnlyForDeploymentPostprocessing = 0;
		};
/* End PBXResourcesBuildPhase section */

/* Begin PBXShellScriptBuildPhase section */
		1AE131273F5B89C0D39E38C4 /* [CP] Embed Pods Frameworks */ = {
			isa = PBXShellScriptBuildPhase;
			buildActionMask = 2147483647;
			files = (
			);
			inputFileListPaths = (
				"${PODS_ROOT}/Target Support Files/Pods-SoulBar/Pods-SoulBar-frameworks-${CONFIGURATION}-input-files.xcfilelist",
			);
			name = "[CP] Embed Pods Frameworks";
			outputFileListPaths = (
				"${PODS_ROOT}/Target Support Files/Pods-SoulBar/Pods-SoulBar-frameworks-${CONFIGURATION}-output-files.xcfilelist",
			);
			runOnlyForDeploymentPostprocessing = 0;
			shellPath = /bin/sh;
			shellScript = "\"${PODS_ROOT}/Target Support Files/Pods-SoulBar/Pods-SoulBar-frameworks.sh\"\n";
			showEnvVarsInLog = 0;
		};
		BB7605715A522671E42415A5 /* [CP] Check Pods Manifest.lock */ = {
			isa = PBXShellScriptBuildPhase;
			buildActionMask = 2147483647;
			files = (
			);
			inputFileListPaths = (
			);
			inputPaths = (
				"${PODS_PODFILE_DIR_PATH}/Podfile.lock",
				"${PODS_ROOT}/Manifest.lock",
			);
			name = "[CP] Check Pods Manifest.lock";
			outputFileListPaths = (
			);
			outputPaths = (
				"$(DERIVED_FILE_DIR)/Pods-SoulBar-checkManifestLockResult.txt",
			);
			runOnlyForDeploymentPostprocessing = 0;
			shellPath = /bin/sh;
			shellScript = "diff \"${PODS_PODFILE_DIR_PATH}/Podfile.lock\" \"${PODS_ROOT}/Manifest.lock\" > /dev/null\nif [ $? != 0 ] ; then\n    # print error to STDERR\n    echo \"error: The sandbox is not in sync with the Podfile.lock. Run 'pod install' or update your CocoaPods installation.\" >&2\n    exit 1\nfi\n# This output is used by Xcode 'outputs' to avoid re-running this script phase.\necho \"SUCCESS\" > \"${SCRIPT_OUTPUT_FILE_0}\"\n";
			showEnvVarsInLog = 0;
		};
		D8573384290F77470009D734 /* ShellScript */ = {
			isa = PBXShellScriptBuildPhase;
			buildActionMask = 2147483647;
			files = (
			);
			inputFileListPaths = (
			);
			inputPaths = (
			);
			outputFileListPaths = (
			);
			outputPaths = (
			);
			runOnlyForDeploymentPostprocessing = 0;
			shellPath = /bin/sh;
			shellScript = "# Type a script or drag a script file from your workspace to insert its path.\n\"${PODS_ROOT}/SwiftLint/swiftlint\"\n";
		};
		D87E3B2A29320868008B79D9 /* Run Script */ = {
			isa = PBXShellScriptBuildPhase;
			buildActionMask = 2147483647;
			files = (
			);
			inputFileListPaths = (
			);
			inputPaths = (
				"${DWARF_DSYM_FOLDER_PATH}/${DWARF_DSYM_FILE_NAME}/Contents/Resources/DWARF/${TARGET_NAME}",
				"$(SRCROOT)/$(BUILT_PRODUCTS_DIR)/$(INFOPLIST_PATH)",
			);
			name = "Run Script";
			outputFileListPaths = (
			);
			outputPaths = (
			);
			runOnlyForDeploymentPostprocessing = 0;
			shellPath = /bin/sh;
			shellScript = "# Type a script or drag a script file from your workspace to insert its path.\n\"${PODS_ROOT}/FirebaseCrashlytics/run\"\n";
		};
/* End PBXShellScriptBuildPhase section */

/* Begin PBXSourcesBuildPhase section */
		D85EDB95290966C1001583F6 /* Sources */ = {
			isa = PBXSourcesBuildPhase;
			buildActionMask = 2147483647;
			files = (
				D834AF5D2938486300994693 /* ACRCloud-Bridging-Header.h in Sources */,
				D820B9252914C552000C8F88 /* ChatMessageStrangerTableViewCell.swift in Sources */,
				D874C8932912545600075AE9 /* FirebaseEventsTypeData.swift in Sources */,
				D88071CE2921213400554B18 /* ProfileArtistsViewController.swift in Sources */,
				D8088B1929096C2E0037555B /* RecognizeViewController.swift in Sources */,
				D874B98A2917E4EA0082F2D7 /* ProfileTableViewCell.swift in Sources */,
				D8FABE462919F0E30094A77F /* MiniPlayerViewController.swift in Sources */,
				D88071C92920EA3300554B18 /* ProfileHistoryTableViewCell.swift in Sources */,
				D874B99A29190B720082F2D7 /* NewListDisplayViewController.swift in Sources */,
				D8088B3129096FAF0037555B /* PlaylistsSearch.swift in Sources */,
				D874B99C29190E340082F2D7 /* NewListTableViewCell.swift in Sources */,
				D8088B2729096F550037555B /* AlbumsCharts.swift in Sources */,
				D8EA0F092924BAEB00514F35 /* ProfileEventCollectionViewCell.swift in Sources */,
				D874C88B2912466300075AE9 /* FirebaseFavoriteManager.swift in Sources */,
				D8573386290FBCA20009D734 /* PlaySongViewController.swift in Sources */,
				D82369AC290BDA2100AE41AB /* SearchDetailsViewController.swift in Sources */,
				D88071C12920C39300554B18 /* FavoriteData.swift in Sources */,
				D8B528EA29163105004C8D2A /* PlaySongManager.swift in Sources */,
				D834AF612938563100994693 /* HummingData.swift in Sources */,
				D86AD12329141124000208B6 /* FavoriteAlbumsTableViewCell.swift in Sources */,
				D8A1B96C290C228E007F6775 /* EventsTableViewCell.swift in Sources */,
				D85EDB9D290966C1001583F6 /* AppDelegate.swift in Sources */,
				D8FABE482919F1450094A77F /* RootTabBarViewController.swift in Sources */,
				D869EEAA292E0314006BB828 /* AuthManager.swift in Sources */,
				D8A1B96A290C1B56007F6775 /* ArtistsSearch.swift in Sources */,
				D8A1B970290C3419007F6775 /* PlaylistsTableViewCell.swift in Sources */,
				D8573381290EA9150009D734 /* SearchAllResultTableViewCell.swift in Sources */,
				D8EA0EFD29233F5400514F35 /* KeychainManager.swift in Sources */,
				D8088B1729096C200037555B /* EventsViewController.swift in Sources */,
				D8F7387C294077A800E5DEFB /* KingfisherWrapper.swift in Sources */,
				D8088B3B290A2A290037555B /* SongsCollectionViewCell.swift in Sources */,
				D837B36E291DF94D008BE6D0 /* UIView+Ext.swift in Sources */,
				D8A1B97C290C46C6007F6775 /* SongListViewController.swift in Sources */,
				D88071C62920EA1400554B18 /* ProfileHistoryViewController.swift in Sources */,
				D8573372290E561B0009D734 /* SearchArtistsResultTableViewCell.swift in Sources */,
				D86AD11929138E8A000208B6 /* EventsFavoriteCardsDetailsViewController.swift in Sources */,
				D8EA0F11292682A200514F35 /* PlayVideoViewController.swift in Sources */,
				D820B92A291549EF000C8F88 /* ChatMessageOwnerTableViewCell.swift in Sources */,
				D8F0E29F292EFCC400BCDFAF /* PrivacyViewController.swift in Sources */,
				D8E098AF292A245B005971C6 /* LaunchScreenViewController.swift in Sources */,
				D8A1B97E290C475F007F6775 /* SongListTableViewCell.swift in Sources */,
				D874B98D2917E6890082F2D7 /* ProfileData.swift in Sources */,
				D837B364291D6532008BE6D0 /* RecognizeErrorViewController.swift in Sources */,
				D874C89A2912566800075AE9 /* FirebaseUserManager.swift in Sources */,
				D88071B9291F818800554B18 /* FavoriteMusicDetailsTableViewCell.swift in Sources */,
				D8E098A82928D351005971C6 /* RecommendCollectionViewCell.swift in Sources */,
				D8088B3E290AB2EF0037555B /* AlbumsTableViewCell.swift in Sources */,
				D874B998291900260082F2D7 /* NewListPopUpViewController.swift in Sources */,
				D8088B2329096F1E0037555B /* EventsData.swift in Sources */,
				D820B9212914C4AF000C8F88 /* ChatViewController.swift in Sources */,
				D88071BD291F9BB800554B18 /* FavoriteMusicDetailsNoHeartTableViewCell.swift in Sources */,
				D8573376290E9C640009D734 /* SearchSongsResultTableViewCell.swift in Sources */,
				D874B9902917F52C0082F2D7 /* FavoriteAddNewListViewController.swift in Sources */,
				D88550B12910E3570083D050 /* MapManager.swift in Sources */,
				D85EDB9F290966C1001583F6 /* SceneDelegate.swift in Sources */,
				D8A1B976290C35D3007F6775 /* PlaylistsCollectionViewCell.swift in Sources */,
				D874C890291247DF00075AE9 /* FirebaseHistoryManager.swift in Sources */,
				D874C89F29125BD700075AE9 /* FirebaseChatroomData.swift in Sources */,
				D8686DD72930B8C8004F2EBE /* UIAlert+Ext.swift in Sources */,
				D834AF5F2938515700994693 /* HummingTableViewCell.swift in Sources */,
				D834AF632938989200994693 /* RecognizeFaceResultViewController.swift in Sources */,
				D857337C290EA4CC0009D734 /* SearchAlbumsResultTableViewCell.swift in Sources */,
				D8EA0EF62922728600514F35 /* AppleAuthViewController.swift in Sources */,
				D8088B2929096F610037555B /* PlaylistsCharts.swift in Sources */,
				D8088B2D29096F8D0037555B /* SongsSearch.swift in Sources */,
				D8E098AC292A0150005971C6 /* RecommendTableViewCell.swift in Sources */,
				D86AD11429135F9F000208B6 /* EventsFavoriteCollectionViewCell.swift in Sources */,
				D834AF592938428E00994693 /* HummingViewController.swift in Sources */,
				D88550AF2910CA710083D050 /* EventsCardsDetailsViewController.swift in Sources */,
				D8088B342909700B0037555B /* MusicManager.swift in Sources */,
				D834AF692939D32600994693 /* HummingDetailViewController.swift in Sources */,
				D8088B1D29096C4D0037555B /* ProfileViewController.swift in Sources */,
				D8EA0F0C29267B2A00514F35 /* YoutubeData.swift in Sources */,
				D8686DD52930B8A5004F2EBE /* UIImage+Ext.swift in Sources */,
				D874C8A32912835400075AE9 /* Constants.swift in Sources */,
				D8088B1B29096C400037555B /* FavoriteViewController.swift in Sources */,
				D88071CC2920F4A400554B18 /* DateFormatter+Ext.swift in Sources */,
				D86AD12729141139000208B6 /* FavoritePlaylistsTableViewCell.swift in Sources */,
				D86AD11F2913F4D8000208B6 /* FavoriteMusicTableViewCell.swift in Sources */,
				D874C89D29125BC600075AE9 /* FirebaseChatroomManager.swift in Sources */,
				D8088B2029096D850037555B /* EventsManager.swift in Sources */,
				D8088B2F29096F9E0037555B /* AlbumsSearch.swift in Sources */,
				D874C8892912465800075AE9 /* FirebaseFavoriteData.swift in Sources */,
				D874B9952918EB7F0082F2D7 /* FavoriteListsTableViewCell.swift in Sources */,
				D8088B44290AC1840037555B /* AlbumsCollectionViewCell.swift in Sources */,
				D88071D0292121A600554B18 /* ProfileArtistsTableViewCell.swift in Sources */,
				D8EA0F0E29267B3700514F35 /* YoutubeManager.swift in Sources */,
				D874C88E291247D300075AE9 /* FirebaseHistoryData.swift in Sources */,
				D874C8982912565000075AE9 /* FirebaseUserData.swift in Sources */,
				D8088B1529096C0C0037555B /* HomeViewController.swift in Sources */,
				D8088B39290A28E00037555B /* HomeTableViewCell.swift in Sources */,
				D88071B6291F80BF00554B18 /* FavroiteMusicDetailsViewController.swift in Sources */,
				D8EA0F072924BA0F00514F35 /* ProfileEventsViewController.swift in Sources */,
				D869EEA7292E021E006BB828 /* AuthData.swift in Sources */,
				D874C8952912546100075AE9 /* FirebaseEventsManager.swift in Sources */,
				D8088B2529096F400037555B /* SongsCharts.swift in Sources */,
			);
			runOnlyForDeploymentPostprocessing = 0;
		};
/* End PBXSourcesBuildPhase section */

/* Begin PBXVariantGroup section */
		D85EDBA2290966C1001583F6 /* Main.storyboard */ = {
			isa = PBXVariantGroup;
			children = (
				D85EDBA3290966C1001583F6 /* Base */,
			);
			name = Main.storyboard;
			sourceTree = "<group>";
		};
		D85EDBA7290966C3001583F6 /* LaunchScreen.storyboard */ = {
			isa = PBXVariantGroup;
			children = (
				D85EDBA8290966C3001583F6 /* Base */,
			);
			name = LaunchScreen.storyboard;
			sourceTree = "<group>";
		};
/* End PBXVariantGroup section */

/* Begin XCBuildConfiguration section */
		D85EDBAB290966C3001583F6 /* Debug */ = {
			isa = XCBuildConfiguration;
			buildSettings = {
				ALWAYS_SEARCH_USER_PATHS = NO;
				CLANG_ANALYZER_NONNULL = YES;
				CLANG_ANALYZER_NUMBER_OBJECT_CONVERSION = YES_AGGRESSIVE;
				CLANG_CXX_LANGUAGE_STANDARD = "gnu++17";
				CLANG_ENABLE_MODULES = YES;
				CLANG_ENABLE_OBJC_ARC = YES;
				CLANG_ENABLE_OBJC_WEAK = YES;
				CLANG_WARN_BLOCK_CAPTURE_AUTORELEASING = YES;
				CLANG_WARN_BOOL_CONVERSION = YES;
				CLANG_WARN_COMMA = YES;
				CLANG_WARN_CONSTANT_CONVERSION = YES;
				CLANG_WARN_DEPRECATED_OBJC_IMPLEMENTATIONS = YES;
				CLANG_WARN_DIRECT_OBJC_ISA_USAGE = YES_ERROR;
				CLANG_WARN_DOCUMENTATION_COMMENTS = YES;
				CLANG_WARN_EMPTY_BODY = YES;
				CLANG_WARN_ENUM_CONVERSION = YES;
				CLANG_WARN_INFINITE_RECURSION = YES;
				CLANG_WARN_INT_CONVERSION = YES;
				CLANG_WARN_NON_LITERAL_NULL_CONVERSION = YES;
				CLANG_WARN_OBJC_IMPLICIT_RETAIN_SELF = YES;
				CLANG_WARN_OBJC_LITERAL_CONVERSION = YES;
				CLANG_WARN_OBJC_ROOT_CLASS = YES_ERROR;
				CLANG_WARN_QUOTED_INCLUDE_IN_FRAMEWORK_HEADER = YES;
				CLANG_WARN_RANGE_LOOP_ANALYSIS = YES;
				CLANG_WARN_STRICT_PROTOTYPES = YES;
				CLANG_WARN_SUSPICIOUS_MOVE = YES;
				CLANG_WARN_UNGUARDED_AVAILABILITY = YES_AGGRESSIVE;
				CLANG_WARN_UNREACHABLE_CODE = YES;
				CLANG_WARN__DUPLICATE_METHOD_MATCH = YES;
				COPY_PHASE_STRIP = NO;
				DEBUG_INFORMATION_FORMAT = dwarf;
				ENABLE_STRICT_OBJC_MSGSEND = YES;
				ENABLE_TESTABILITY = YES;
				GCC_C_LANGUAGE_STANDARD = gnu11;
				GCC_DYNAMIC_NO_PIC = NO;
				GCC_NO_COMMON_BLOCKS = YES;
				GCC_OPTIMIZATION_LEVEL = 0;
				GCC_PREPROCESSOR_DEFINITIONS = (
					"DEBUG=1",
					"$(inherited)",
				);
				GCC_WARN_64_TO_32_BIT_CONVERSION = YES;
				GCC_WARN_ABOUT_RETURN_TYPE = YES_ERROR;
				GCC_WARN_UNDECLARED_SELECTOR = YES;
				GCC_WARN_UNINITIALIZED_AUTOS = YES_AGGRESSIVE;
				GCC_WARN_UNUSED_FUNCTION = YES;
				GCC_WARN_UNUSED_VARIABLE = YES;
				IPHONEOS_DEPLOYMENT_TARGET = 15.5;
				MTL_ENABLE_DEBUG_INFO = INCLUDE_SOURCE;
				MTL_FAST_MATH = YES;
				ONLY_ACTIVE_ARCH = YES;
				SDKROOT = iphoneos;
				SWIFT_ACTIVE_COMPILATION_CONDITIONS = DEBUG;
				SWIFT_OPTIMIZATION_LEVEL = "-Onone";
			};
			name = Debug;
		};
		D85EDBAC290966C3001583F6 /* Release */ = {
			isa = XCBuildConfiguration;
			buildSettings = {
				ALWAYS_SEARCH_USER_PATHS = NO;
				CLANG_ANALYZER_NONNULL = YES;
				CLANG_ANALYZER_NUMBER_OBJECT_CONVERSION = YES_AGGRESSIVE;
				CLANG_CXX_LANGUAGE_STANDARD = "gnu++17";
				CLANG_ENABLE_MODULES = YES;
				CLANG_ENABLE_OBJC_ARC = YES;
				CLANG_ENABLE_OBJC_WEAK = YES;
				CLANG_WARN_BLOCK_CAPTURE_AUTORELEASING = YES;
				CLANG_WARN_BOOL_CONVERSION = YES;
				CLANG_WARN_COMMA = YES;
				CLANG_WARN_CONSTANT_CONVERSION = YES;
				CLANG_WARN_DEPRECATED_OBJC_IMPLEMENTATIONS = YES;
				CLANG_WARN_DIRECT_OBJC_ISA_USAGE = YES_ERROR;
				CLANG_WARN_DOCUMENTATION_COMMENTS = YES;
				CLANG_WARN_EMPTY_BODY = YES;
				CLANG_WARN_ENUM_CONVERSION = YES;
				CLANG_WARN_INFINITE_RECURSION = YES;
				CLANG_WARN_INT_CONVERSION = YES;
				CLANG_WARN_NON_LITERAL_NULL_CONVERSION = YES;
				CLANG_WARN_OBJC_IMPLICIT_RETAIN_SELF = YES;
				CLANG_WARN_OBJC_LITERAL_CONVERSION = YES;
				CLANG_WARN_OBJC_ROOT_CLASS = YES_ERROR;
				CLANG_WARN_QUOTED_INCLUDE_IN_FRAMEWORK_HEADER = YES;
				CLANG_WARN_RANGE_LOOP_ANALYSIS = YES;
				CLANG_WARN_STRICT_PROTOTYPES = YES;
				CLANG_WARN_SUSPICIOUS_MOVE = YES;
				CLANG_WARN_UNGUARDED_AVAILABILITY = YES_AGGRESSIVE;
				CLANG_WARN_UNREACHABLE_CODE = YES;
				CLANG_WARN__DUPLICATE_METHOD_MATCH = YES;
				COPY_PHASE_STRIP = NO;
				DEBUG_INFORMATION_FORMAT = "dwarf-with-dsym";
				ENABLE_NS_ASSERTIONS = NO;
				ENABLE_STRICT_OBJC_MSGSEND = YES;
				GCC_C_LANGUAGE_STANDARD = gnu11;
				GCC_NO_COMMON_BLOCKS = YES;
				GCC_WARN_64_TO_32_BIT_CONVERSION = YES;
				GCC_WARN_ABOUT_RETURN_TYPE = YES_ERROR;
				GCC_WARN_UNDECLARED_SELECTOR = YES;
				GCC_WARN_UNINITIALIZED_AUTOS = YES_AGGRESSIVE;
				GCC_WARN_UNUSED_FUNCTION = YES;
				GCC_WARN_UNUSED_VARIABLE = YES;
				IPHONEOS_DEPLOYMENT_TARGET = 15.5;
				MTL_ENABLE_DEBUG_INFO = NO;
				MTL_FAST_MATH = YES;
				SDKROOT = iphoneos;
				SWIFT_COMPILATION_MODE = wholemodule;
				SWIFT_OPTIMIZATION_LEVEL = "-O";
				VALIDATE_PRODUCT = YES;
			};
			name = Release;
		};
		D85EDBAE290966C3001583F6 /* Debug */ = {
			isa = XCBuildConfiguration;
			baseConfigurationReference = C4433B255174EF6B0215E299 /* Pods-SoulBar.debug.xcconfig */;
			buildSettings = {
				ASSETCATALOG_COMPILER_APPICON_NAME = AppIcon;
				ASSETCATALOG_COMPILER_GLOBAL_ACCENT_COLOR_NAME = AccentColor;
				CODE_SIGN_ENTITLEMENTS = SoulBar/SoulBar.entitlements;
				CODE_SIGN_STYLE = Automatic;
				CURRENT_PROJECT_VERSION = 1;
				DEBUG_INFORMATION_FORMAT = "dwarf-with-dsym";
				DEVELOPMENT_TEAM = 3HBD942P6N;
				GENERATE_INFOPLIST_FILE = YES;
				INFOPLIST_FILE = SoulBar/Info.plist;
				INFOPLIST_KEY_NSMicrophoneUsageDescription = "This app requires the access to Microphone to record the music.";
				INFOPLIST_KEY_NSSiriUsageDescription = "Control recogniztion with voice";
				INFOPLIST_KEY_NSSpeechRecognitionUsageDescription = "Speech recogniztion will be used to determine which words you speak into the device's microphone";
				INFOPLIST_KEY_UIApplicationSupportsIndirectInputEvents = YES;
				INFOPLIST_KEY_UILaunchStoryboardName = LaunchScreen;
				INFOPLIST_KEY_UIMainStoryboardFile = Main;
				INFOPLIST_KEY_UISupportedInterfaceOrientations_iPad = "UIInterfaceOrientationPortrait UIInterfaceOrientationPortraitUpsideDown UIInterfaceOrientationLandscapeLeft UIInterfaceOrientationLandscapeRight";
				INFOPLIST_KEY_UISupportedInterfaceOrientations_iPhone = "UIInterfaceOrientationPortrait UIInterfaceOrientationLandscapeLeft UIInterfaceOrientationLandscapeRight";
				INFOPLIST_KEY_UIUserInterfaceStyle = Light;
				LD_RUNPATH_SEARCH_PATHS = (
					"$(inherited)",
					"@executable_path/Frameworks",
				);
				MARKETING_VERSION = 1.0;
				PRODUCT_BUNDLE_IDENTIFIER = com.joechen.SoulBar;
				PRODUCT_NAME = "$(TARGET_NAME)";
				SUPPORTED_PLATFORMS = "iphoneos iphonesimulator";
				SUPPORTS_MACCATALYST = NO;
				SUPPORTS_MAC_DESIGNED_FOR_IPHONE_IPAD = YES;
				SWIFT_EMIT_LOC_STRINGS = YES;
				SWIFT_OBJC_BRIDGING_HEADER = "SoulBar/ACRCloud-Bridging-Header.h";
				SWIFT_VERSION = 5.0;
				TARGETED_DEVICE_FAMILY = 1;
			};
			name = Debug;
		};
		D85EDBAF290966C3001583F6 /* Release */ = {
			isa = XCBuildConfiguration;
			baseConfigurationReference = C0E6094484ECAF31F0E016CF /* Pods-SoulBar.release.xcconfig */;
			buildSettings = {
				ASSETCATALOG_COMPILER_APPICON_NAME = AppIcon;
				ASSETCATALOG_COMPILER_GLOBAL_ACCENT_COLOR_NAME = AccentColor;
				CODE_SIGN_ENTITLEMENTS = SoulBar/SoulBar.entitlements;
				CODE_SIGN_STYLE = Automatic;
				CURRENT_PROJECT_VERSION = 1;
				DEVELOPMENT_TEAM = 3HBD942P6N;
				GENERATE_INFOPLIST_FILE = YES;
				INFOPLIST_FILE = SoulBar/Info.plist;
				INFOPLIST_KEY_NSMicrophoneUsageDescription = "This app requires the access to Microphone to record the music.";
				INFOPLIST_KEY_NSSiriUsageDescription = "Control recogniztion with voice";
				INFOPLIST_KEY_NSSpeechRecognitionUsageDescription = "Speech recogniztion will be used to determine which words you speak into the device's microphone";
				INFOPLIST_KEY_UIApplicationSupportsIndirectInputEvents = YES;
				INFOPLIST_KEY_UILaunchStoryboardName = LaunchScreen;
				INFOPLIST_KEY_UIMainStoryboardFile = Main;
				INFOPLIST_KEY_UISupportedInterfaceOrientations_iPad = "UIInterfaceOrientationPortrait UIInterfaceOrientationPortraitUpsideDown UIInterfaceOrientationLandscapeLeft UIInterfaceOrientationLandscapeRight";
				INFOPLIST_KEY_UISupportedInterfaceOrientations_iPhone = "UIInterfaceOrientationPortrait UIInterfaceOrientationLandscapeLeft UIInterfaceOrientationLandscapeRight";
				INFOPLIST_KEY_UIUserInterfaceStyle = Light;
				LD_RUNPATH_SEARCH_PATHS = (
					"$(inherited)",
					"@executable_path/Frameworks",
				);
				MARKETING_VERSION = 1.0;
				PRODUCT_BUNDLE_IDENTIFIER = com.joechen.SoulBar;
				PRODUCT_NAME = "$(TARGET_NAME)";
				SUPPORTED_PLATFORMS = "iphoneos iphonesimulator";
				SUPPORTS_MACCATALYST = NO;
				SUPPORTS_MAC_DESIGNED_FOR_IPHONE_IPAD = YES;
				SWIFT_EMIT_LOC_STRINGS = YES;
				SWIFT_OBJC_BRIDGING_HEADER = "SoulBar/ACRCloud-Bridging-Header.h";
				SWIFT_VERSION = 5.0;
				TARGETED_DEVICE_FAMILY = 1;
			};
			name = Release;
		};
/* End XCBuildConfiguration section */

/* Begin XCConfigurationList section */
		D85EDB94290966C1001583F6 /* Build configuration list for PBXProject "SoulBar" */ = {
			isa = XCConfigurationList;
			buildConfigurations = (
				D85EDBAB290966C3001583F6 /* Debug */,
				D85EDBAC290966C3001583F6 /* Release */,
			);
			defaultConfigurationIsVisible = 0;
			defaultConfigurationName = Release;
		};
		D85EDBAD290966C3001583F6 /* Build configuration list for PBXNativeTarget "SoulBar" */ = {
			isa = XCConfigurationList;
			buildConfigurations = (
				D85EDBAE290966C3001583F6 /* Debug */,
				D85EDBAF290966C3001583F6 /* Release */,
			);
			defaultConfigurationIsVisible = 0;
			defaultConfigurationName = Release;
		};
/* End XCConfigurationList section */

/* Begin XCRemoteSwiftPackageReference section */
		D869EEA3292E010B006BB828 /* XCRemoteSwiftPackageReference "Swift-JWT" */ = {
			isa = XCRemoteSwiftPackageReference;
			repositoryURL = "https://github.com/Kitura/Swift-JWT.git";
			requirement = {
				kind = upToNextMajorVersion;
				minimumVersion = 4.0.0;
			};
		};
/* End XCRemoteSwiftPackageReference section */

/* Begin XCSwiftPackageProductDependency section */
		D869EEA4292E010B006BB828 /* SwiftJWT */ = {
			isa = XCSwiftPackageProductDependency;
			package = D869EEA3292E010B006BB828 /* XCRemoteSwiftPackageReference "Swift-JWT" */;
			productName = SwiftJWT;
		};
/* End XCSwiftPackageProductDependency section */
	};
	rootObject = D85EDB91290966C1001583F6 /* Project object */;
}
